// !$*UTF8*$!
{
	archiveVersion = 1;
	classes = {
	};
	objectVersion = 46;
	objects = {

/* Begin PBXBuildFile section */
		041941D918FD857800157C60 /* ofxOscBundle.cpp in Sources */ = {isa = PBXBuildFile; fileRef = 041941B218FD857800157C60 /* ofxOscBundle.cpp */; };
		041941DA18FD857800157C60 /* ofxOscMessage.cpp in Sources */ = {isa = PBXBuildFile; fileRef = 041941B418FD857800157C60 /* ofxOscMessage.cpp */; };
		041941DB18FD857800157C60 /* ofxOscParameterSync.cpp in Sources */ = {isa = PBXBuildFile; fileRef = 041941B618FD857800157C60 /* ofxOscParameterSync.cpp */; };
		041941DC18FD857800157C60 /* ofxOscReceiver.cpp in Sources */ = {isa = PBXBuildFile; fileRef = 041941B818FD857800157C60 /* ofxOscReceiver.cpp */; };
		041941DD18FD857800157C60 /* ofxOscSender.cpp in Sources */ = {isa = PBXBuildFile; fileRef = 041941BA18FD857800157C60 /* ofxOscSender.cpp */; };
		041941DE18FD857800157C60 /* IpEndpointName.cpp in Sources */ = {isa = PBXBuildFile; fileRef = 041941C018FD857800157C60 /* IpEndpointName.cpp */; };
		041941DF18FD857800157C60 /* NetworkingUtils.cpp in Sources */ = {isa = PBXBuildFile; fileRef = 041941C518FD857800157C60 /* NetworkingUtils.cpp */; };
		041941E018FD857800157C60 /* UdpSocket.cpp in Sources */ = {isa = PBXBuildFile; fileRef = 041941C618FD857800157C60 /* UdpSocket.cpp */; };
		041941E118FD857800157C60 /* OscOutboundPacketStream.cpp in Sources */ = {isa = PBXBuildFile; fileRef = 041941D018FD857800157C60 /* OscOutboundPacketStream.cpp */; };
		041941E218FD857800157C60 /* OscPrintReceivedElements.cpp in Sources */ = {isa = PBXBuildFile; fileRef = 041941D318FD857800157C60 /* OscPrintReceivedElements.cpp */; };
		041941E318FD857800157C60 /* OscReceivedElements.cpp in Sources */ = {isa = PBXBuildFile; fileRef = 041941D518FD857800157C60 /* OscReceivedElements.cpp */; };
		041941E418FD857800157C60 /* OscTypes.cpp in Sources */ = {isa = PBXBuildFile; fileRef = 041941D718FD857800157C60 /* OscTypes.cpp */; };
		0443208C192CD83000059A2A /* ofxUI2DGraph.cpp in Sources */ = {isa = PBXBuildFile; fileRef = 0443202F192CD83000059A2A /* ofxUI2DGraph.cpp */; };
		0443208D192CD83000059A2A /* ofxUI2DPad.cpp in Sources */ = {isa = PBXBuildFile; fileRef = 04432031192CD83000059A2A /* ofxUI2DPad.cpp */; };
		0443208E192CD83000059A2A /* ofxUIBaseDraws.cpp in Sources */ = {isa = PBXBuildFile; fileRef = 04432033192CD83000059A2A /* ofxUIBaseDraws.cpp */; };
		0443208F192CD83000059A2A /* ofxUIBiLabelSlider.cpp in Sources */ = {isa = PBXBuildFile; fileRef = 04432035192CD83000059A2A /* ofxUIBiLabelSlider.cpp */; };
		04432090192CD83000059A2A /* ofxUIButton.cpp in Sources */ = {isa = PBXBuildFile; fileRef = 04432037192CD83000059A2A /* ofxUIButton.cpp */; };
		04432091192CD83000059A2A /* ofxUICanvas.cpp in Sources */ = {isa = PBXBuildFile; fileRef = 04432039192CD83000059A2A /* ofxUICanvas.cpp */; };
		04432092192CD83000059A2A /* ofxUICircleSlider.cpp in Sources */ = {isa = PBXBuildFile; fileRef = 0443203B192CD83000059A2A /* ofxUICircleSlider.cpp */; };
		04432093192CD83000059A2A /* ofxUIDragableLabelButton.cpp in Sources */ = {isa = PBXBuildFile; fileRef = 0443203E192CD83000059A2A /* ofxUIDragableLabelButton.cpp */; };
		04432094192CD83000059A2A /* ofxUIDropDownList.cpp in Sources */ = {isa = PBXBuildFile; fileRef = 04432040192CD83000059A2A /* ofxUIDropDownList.cpp */; };
		04432095192CD83000059A2A /* ofxUIEventArgs.cpp in Sources */ = {isa = PBXBuildFile; fileRef = 04432042192CD83000059A2A /* ofxUIEventArgs.cpp */; };
		04432096192CD83000059A2A /* ofxUIFPS.cpp in Sources */ = {isa = PBXBuildFile; fileRef = 04432044192CD83000059A2A /* ofxUIFPS.cpp */; };
		04432097192CD83000059A2A /* ofxUIFPSSlider.cpp in Sources */ = {isa = PBXBuildFile; fileRef = 04432046192CD83000059A2A /* ofxUIFPSSlider.cpp */; };
		04432098192CD83000059A2A /* ofxUIImage.cpp in Sources */ = {isa = PBXBuildFile; fileRef = 04432048192CD83000059A2A /* ofxUIImage.cpp */; };
		04432099192CD83000059A2A /* ofxUIImageButton.cpp in Sources */ = {isa = PBXBuildFile; fileRef = 0443204A192CD83000059A2A /* ofxUIImageButton.cpp */; };
		0443209A192CD83000059A2A /* ofxUIImageSampler.cpp in Sources */ = {isa = PBXBuildFile; fileRef = 0443204C192CD83000059A2A /* ofxUIImageSampler.cpp */; };
		0443209B192CD83000059A2A /* ofxUIImageSlider.cpp in Sources */ = {isa = PBXBuildFile; fileRef = 0443204E192CD83000059A2A /* ofxUIImageSlider.cpp */; };
		0443209C192CD83000059A2A /* ofxUIImageToggle.cpp in Sources */ = {isa = PBXBuildFile; fileRef = 04432050192CD83000059A2A /* ofxUIImageToggle.cpp */; };
		0443209D192CD83000059A2A /* ofxUILabel.cpp in Sources */ = {isa = PBXBuildFile; fileRef = 04432052192CD83000059A2A /* ofxUILabel.cpp */; };
		0443209E192CD83000059A2A /* ofxUILabelButton.cpp in Sources */ = {isa = PBXBuildFile; fileRef = 04432054192CD83000059A2A /* ofxUILabelButton.cpp */; };
		0443209F192CD83000059A2A /* ofxUILabelToggle.cpp in Sources */ = {isa = PBXBuildFile; fileRef = 04432056192CD83000059A2A /* ofxUILabelToggle.cpp */; };
		044320A0192CD83000059A2A /* ofxUIMinimalSlider.cpp in Sources */ = {isa = PBXBuildFile; fileRef = 04432058192CD83000059A2A /* ofxUIMinimalSlider.cpp */; };
		044320A1192CD83000059A2A /* ofxUIMovingGraph.cpp in Sources */ = {isa = PBXBuildFile; fileRef = 0443205A192CD83000059A2A /* ofxUIMovingGraph.cpp */; };
		044320A2192CD83000059A2A /* ofxUIMultiImageButton.cpp in Sources */ = {isa = PBXBuildFile; fileRef = 0443205C192CD83000059A2A /* ofxUIMultiImageButton.cpp */; };
		044320A3192CD83000059A2A /* ofxUIMultiImageToggle.cpp in Sources */ = {isa = PBXBuildFile; fileRef = 0443205E192CD83000059A2A /* ofxUIMultiImageToggle.cpp */; };
		044320A4192CD83000059A2A /* ofxUINumberDialer.cpp in Sources */ = {isa = PBXBuildFile; fileRef = 04432060192CD83000059A2A /* ofxUINumberDialer.cpp */; };
		044320A5192CD83000059A2A /* ofxUIRadio.cpp in Sources */ = {isa = PBXBuildFile; fileRef = 04432063192CD83000059A2A /* ofxUIRadio.cpp */; };
		044320A6192CD83000059A2A /* ofxUIRangeSlider.cpp in Sources */ = {isa = PBXBuildFile; fileRef = 04432065192CD83000059A2A /* ofxUIRangeSlider.cpp */; };
		044320A7192CD83000059A2A /* ofxUIRectangle.cpp in Sources */ = {isa = PBXBuildFile; fileRef = 04432067192CD83000059A2A /* ofxUIRectangle.cpp */; };
		044320A8192CD83000059A2A /* ofxUIRotarySlider.cpp in Sources */ = {isa = PBXBuildFile; fileRef = 04432069192CD83000059A2A /* ofxUIRotarySlider.cpp */; };
		044320A9192CD83000059A2A /* ofxUIScrollableCanvas.cpp in Sources */ = {isa = PBXBuildFile; fileRef = 0443206B192CD83000059A2A /* ofxUIScrollableCanvas.cpp */; };
		044320AA192CD83000059A2A /* ofxUISlider.cpp in Sources */ = {isa = PBXBuildFile; fileRef = 0443206D192CD83000059A2A /* ofxUISlider.cpp */; };
		044320AB192CD83000059A2A /* ofxUISortableList.cpp in Sources */ = {isa = PBXBuildFile; fileRef = 0443206F192CD83000059A2A /* ofxUISortableList.cpp */; };
		044320AC192CD83000059A2A /* ofxUISpacer.cpp in Sources */ = {isa = PBXBuildFile; fileRef = 04432071192CD83000059A2A /* ofxUISpacer.cpp */; };
		044320AD192CD83000059A2A /* ofxUISpectrum.cpp in Sources */ = {isa = PBXBuildFile; fileRef = 04432073192CD83000059A2A /* ofxUISpectrum.cpp */; };
		044320AE192CD83000059A2A /* ofxUISuperCanvas.cpp in Sources */ = {isa = PBXBuildFile; fileRef = 04432075192CD83000059A2A /* ofxUISuperCanvas.cpp */; };
		044320AF192CD83000059A2A /* ofxUITabBar.cpp in Sources */ = {isa = PBXBuildFile; fileRef = 04432077192CD83000059A2A /* ofxUITabBar.cpp */; };
		044320B0192CD83000059A2A /* ofxUITextArea.cpp in Sources */ = {isa = PBXBuildFile; fileRef = 04432079192CD83000059A2A /* ofxUITextArea.cpp */; };
		044320B1192CD83000059A2A /* ofxUITextInput.cpp in Sources */ = {isa = PBXBuildFile; fileRef = 0443207B192CD83000059A2A /* ofxUITextInput.cpp */; };
		044320B2192CD83000059A2A /* ofxUIToggle.cpp in Sources */ = {isa = PBXBuildFile; fileRef = 0443207D192CD83000059A2A /* ofxUIToggle.cpp */; };
		044320B3192CD83000059A2A /* ofxUIToggleMatrix.cpp in Sources */ = {isa = PBXBuildFile; fileRef = 0443207F192CD83000059A2A /* ofxUIToggleMatrix.cpp */; };
		044320B4192CD83000059A2A /* ofxUIValuePlotter.cpp in Sources */ = {isa = PBXBuildFile; fileRef = 04432082192CD83000059A2A /* ofxUIValuePlotter.cpp */; };
		044320B5192CD83000059A2A /* ofxUIWaveform.cpp in Sources */ = {isa = PBXBuildFile; fileRef = 04432084192CD83000059A2A /* ofxUIWaveform.cpp */; };
		044320B6192CD83000059A2A /* ofxUIWidget.cpp in Sources */ = {isa = PBXBuildFile; fileRef = 04432086192CD83000059A2A /* ofxUIWidget.cpp */; };
		044320B7192CD83000059A2A /* ofxUIWidgetWithLabel.cpp in Sources */ = {isa = PBXBuildFile; fileRef = 04432089192CD83000059A2A /* ofxUIWidgetWithLabel.cpp */; };
		044BD70918EAF5E2006FD670 /* ofxSkeleton.cpp in Sources */ = {isa = PBXBuildFile; fileRef = 044BD70718EAF5E2006FD670 /* ofxSkeleton.cpp */; };
		044BD7A218EC439C006FD670 /* ofxXmlSettings.cpp in Sources */ = {isa = PBXBuildFile; fileRef = 044BD79B18EC439C006FD670 /* ofxXmlSettings.cpp */; };
		044BD7A318EC439C006FD670 /* tinyxml.cpp in Sources */ = {isa = PBXBuildFile; fileRef = 044BD79E18EC439C006FD670 /* tinyxml.cpp */; };
		044BD7A418EC439C006FD670 /* tinyxmlerror.cpp in Sources */ = {isa = PBXBuildFile; fileRef = 044BD7A018EC439C006FD670 /* tinyxmlerror.cpp */; };
		044BD7A518EC439C006FD670 /* tinyxmlparser.cpp in Sources */ = {isa = PBXBuildFile; fileRef = 044BD7A118EC439C006FD670 /* tinyxmlparser.cpp */; };
		04FDAD0818F6D9C200D8D79A /* Imu.cpp in Sources */ = {isa = PBXBuildFile; fileRef = 04FDAD0618F6D9C200D8D79A /* Imu.cpp */; };
		E4328149138ABC9F0047C5CB /* openFrameworksDebug.a in Frameworks */ = {isa = PBXBuildFile; fileRef = E4328148138ABC890047C5CB /* openFrameworksDebug.a */; };
		E45BE97B0E8CC7DD009D7055 /* AGL.framework in Frameworks */ = {isa = PBXBuildFile; fileRef = E45BE9710E8CC7DD009D7055 /* AGL.framework */; };
		E45BE97C0E8CC7DD009D7055 /* ApplicationServices.framework in Frameworks */ = {isa = PBXBuildFile; fileRef = E45BE9720E8CC7DD009D7055 /* ApplicationServices.framework */; };
		E45BE97D0E8CC7DD009D7055 /* AudioToolbox.framework in Frameworks */ = {isa = PBXBuildFile; fileRef = E45BE9730E8CC7DD009D7055 /* AudioToolbox.framework */; };
		E45BE97E0E8CC7DD009D7055 /* Carbon.framework in Frameworks */ = {isa = PBXBuildFile; fileRef = E45BE9740E8CC7DD009D7055 /* Carbon.framework */; };
		E45BE97F0E8CC7DD009D7055 /* CoreAudio.framework in Frameworks */ = {isa = PBXBuildFile; fileRef = E45BE9750E8CC7DD009D7055 /* CoreAudio.framework */; };
		E45BE9800E8CC7DD009D7055 /* CoreFoundation.framework in Frameworks */ = {isa = PBXBuildFile; fileRef = E45BE9760E8CC7DD009D7055 /* CoreFoundation.framework */; };
		E45BE9810E8CC7DD009D7055 /* CoreServices.framework in Frameworks */ = {isa = PBXBuildFile; fileRef = E45BE9770E8CC7DD009D7055 /* CoreServices.framework */; };
		E45BE9830E8CC7DD009D7055 /* OpenGL.framework in Frameworks */ = {isa = PBXBuildFile; fileRef = E45BE9790E8CC7DD009D7055 /* OpenGL.framework */; };
		E45BE9840E8CC7DD009D7055 /* QuickTime.framework in Frameworks */ = {isa = PBXBuildFile; fileRef = E45BE97A0E8CC7DD009D7055 /* QuickTime.framework */; };
		E4B69E200A3A1BDC003C02F2 /* main.cpp in Sources */ = {isa = PBXBuildFile; fileRef = E4B69E1D0A3A1BDC003C02F2 /* main.cpp */; };
		E4B69E210A3A1BDC003C02F2 /* ofApp.cpp in Sources */ = {isa = PBXBuildFile; fileRef = E4B69E1E0A3A1BDC003C02F2 /* ofApp.cpp */; };
		E4C2424710CC5A17004149E2 /* AppKit.framework in Frameworks */ = {isa = PBXBuildFile; fileRef = E4C2424410CC5A17004149E2 /* AppKit.framework */; };
		E4C2424810CC5A17004149E2 /* Cocoa.framework in Frameworks */ = {isa = PBXBuildFile; fileRef = E4C2424510CC5A17004149E2 /* Cocoa.framework */; };
		E4C2424910CC5A17004149E2 /* IOKit.framework in Frameworks */ = {isa = PBXBuildFile; fileRef = E4C2424610CC5A17004149E2 /* IOKit.framework */; };
		E7E077E515D3B63C0020DFD4 /* CoreVideo.framework in Frameworks */ = {isa = PBXBuildFile; fileRef = E7E077E415D3B63C0020DFD4 /* CoreVideo.framework */; };
		E7E077E815D3B6510020DFD4 /* QTKit.framework in Frameworks */ = {isa = PBXBuildFile; fileRef = E7E077E715D3B6510020DFD4 /* QTKit.framework */; };
		E7F985F815E0DEA3003869B5 /* Accelerate.framework in Frameworks */ = {isa = PBXBuildFile; fileRef = E7F985F515E0DE99003869B5 /* Accelerate.framework */; };
/* End PBXBuildFile section */

/* Begin PBXContainerItemProxy section */
		E4328147138ABC890047C5CB /* PBXContainerItemProxy */ = {
			isa = PBXContainerItemProxy;
			containerPortal = E4328143138ABC890047C5CB /* openFrameworksLib.xcodeproj */;
			proxyType = 2;
			remoteGlobalIDString = E4B27C1510CBEB8E00536013;
			remoteInfo = openFrameworks;
		};
		E4EEB9AB138B136A00A80321 /* PBXContainerItemProxy */ = {
			isa = PBXContainerItemProxy;
			containerPortal = E4328143138ABC890047C5CB /* openFrameworksLib.xcodeproj */;
			proxyType = 1;
			remoteGlobalIDString = E4B27C1410CBEB8E00536013;
			remoteInfo = openFrameworks;
		};
/* End PBXContainerItemProxy section */

/* Begin PBXCopyFilesBuildPhase section */
		E4C2427710CC5ABF004149E2 /* CopyFiles */ = {
			isa = PBXCopyFilesBuildPhase;
			buildActionMask = 2147483647;
			dstPath = "";
			dstSubfolderSpec = 10;
			files = (
			);
			runOnlyForDeploymentPostprocessing = 0;
		};
/* End PBXCopyFilesBuildPhase section */

/* Begin PBXFileReference section */
		041941B018FD857800157C60 /* ofxOsc.h */ = {isa = PBXFileReference; lastKnownFileType = sourcecode.c.h; path = ofxOsc.h; sourceTree = "<group>"; };
		041941B118FD857800157C60 /* ofxOscArg.h */ = {isa = PBXFileReference; lastKnownFileType = sourcecode.c.h; path = ofxOscArg.h; sourceTree = "<group>"; };
		041941B218FD857800157C60 /* ofxOscBundle.cpp */ = {isa = PBXFileReference; lastKnownFileType = sourcecode.cpp.cpp; path = ofxOscBundle.cpp; sourceTree = "<group>"; };
		041941B318FD857800157C60 /* ofxOscBundle.h */ = {isa = PBXFileReference; lastKnownFileType = sourcecode.c.h; path = ofxOscBundle.h; sourceTree = "<group>"; };
		041941B418FD857800157C60 /* ofxOscMessage.cpp */ = {isa = PBXFileReference; lastKnownFileType = sourcecode.cpp.cpp; path = ofxOscMessage.cpp; sourceTree = "<group>"; };
		041941B518FD857800157C60 /* ofxOscMessage.h */ = {isa = PBXFileReference; lastKnownFileType = sourcecode.c.h; path = ofxOscMessage.h; sourceTree = "<group>"; };
		041941B618FD857800157C60 /* ofxOscParameterSync.cpp */ = {isa = PBXFileReference; lastKnownFileType = sourcecode.cpp.cpp; path = ofxOscParameterSync.cpp; sourceTree = "<group>"; };
		041941B718FD857800157C60 /* ofxOscParameterSync.h */ = {isa = PBXFileReference; lastKnownFileType = sourcecode.c.h; path = ofxOscParameterSync.h; sourceTree = "<group>"; };
		041941B818FD857800157C60 /* ofxOscReceiver.cpp */ = {isa = PBXFileReference; lastKnownFileType = sourcecode.cpp.cpp; path = ofxOscReceiver.cpp; sourceTree = "<group>"; };
		041941B918FD857800157C60 /* ofxOscReceiver.h */ = {isa = PBXFileReference; lastKnownFileType = sourcecode.c.h; path = ofxOscReceiver.h; sourceTree = "<group>"; };
		041941BA18FD857800157C60 /* ofxOscSender.cpp */ = {isa = PBXFileReference; lastKnownFileType = sourcecode.cpp.cpp; path = ofxOscSender.cpp; sourceTree = "<group>"; };
		041941BB18FD857800157C60 /* ofxOscSender.h */ = {isa = PBXFileReference; lastKnownFileType = sourcecode.c.h; path = ofxOscSender.h; sourceTree = "<group>"; };
		041941C018FD857800157C60 /* IpEndpointName.cpp */ = {isa = PBXFileReference; lastKnownFileType = sourcecode.cpp.cpp; path = IpEndpointName.cpp; sourceTree = "<group>"; };
		041941C118FD857800157C60 /* IpEndpointName.h */ = {isa = PBXFileReference; lastKnownFileType = sourcecode.c.h; path = IpEndpointName.h; sourceTree = "<group>"; };
		041941C218FD857800157C60 /* NetworkingUtils.h */ = {isa = PBXFileReference; lastKnownFileType = sourcecode.c.h; path = NetworkingUtils.h; sourceTree = "<group>"; };
		041941C318FD857800157C60 /* PacketListener.h */ = {isa = PBXFileReference; lastKnownFileType = sourcecode.c.h; path = PacketListener.h; sourceTree = "<group>"; };
		041941C518FD857800157C60 /* NetworkingUtils.cpp */ = {isa = PBXFileReference; lastKnownFileType = sourcecode.cpp.cpp; path = NetworkingUtils.cpp; sourceTree = "<group>"; };
		041941C618FD857800157C60 /* UdpSocket.cpp */ = {isa = PBXFileReference; lastKnownFileType = sourcecode.cpp.cpp; path = UdpSocket.cpp; sourceTree = "<group>"; };
		041941C718FD857800157C60 /* TimerListener.h */ = {isa = PBXFileReference; lastKnownFileType = sourcecode.c.h; path = TimerListener.h; sourceTree = "<group>"; };
		041941C818FD857800157C60 /* UdpSocket.h */ = {isa = PBXFileReference; lastKnownFileType = sourcecode.c.h; path = UdpSocket.h; sourceTree = "<group>"; };
		041941CD18FD857800157C60 /* MessageMappingOscPacketListener.h */ = {isa = PBXFileReference; lastKnownFileType = sourcecode.c.h; path = MessageMappingOscPacketListener.h; sourceTree = "<group>"; };
		041941CE18FD857800157C60 /* OscException.h */ = {isa = PBXFileReference; lastKnownFileType = sourcecode.c.h; path = OscException.h; sourceTree = "<group>"; };
		041941CF18FD857800157C60 /* OscHostEndianness.h */ = {isa = PBXFileReference; lastKnownFileType = sourcecode.c.h; path = OscHostEndianness.h; sourceTree = "<group>"; };
		041941D018FD857800157C60 /* OscOutboundPacketStream.cpp */ = {isa = PBXFileReference; lastKnownFileType = sourcecode.cpp.cpp; path = OscOutboundPacketStream.cpp; sourceTree = "<group>"; };
		041941D118FD857800157C60 /* OscOutboundPacketStream.h */ = {isa = PBXFileReference; lastKnownFileType = sourcecode.c.h; path = OscOutboundPacketStream.h; sourceTree = "<group>"; };
		041941D218FD857800157C60 /* OscPacketListener.h */ = {isa = PBXFileReference; lastKnownFileType = sourcecode.c.h; path = OscPacketListener.h; sourceTree = "<group>"; };
		041941D318FD857800157C60 /* OscPrintReceivedElements.cpp */ = {isa = PBXFileReference; lastKnownFileType = sourcecode.cpp.cpp; path = OscPrintReceivedElements.cpp; sourceTree = "<group>"; };
		041941D418FD857800157C60 /* OscPrintReceivedElements.h */ = {isa = PBXFileReference; lastKnownFileType = sourcecode.c.h; path = OscPrintReceivedElements.h; sourceTree = "<group>"; };
		041941D518FD857800157C60 /* OscReceivedElements.cpp */ = {isa = PBXFileReference; lastKnownFileType = sourcecode.cpp.cpp; path = OscReceivedElements.cpp; sourceTree = "<group>"; };
		041941D618FD857800157C60 /* OscReceivedElements.h */ = {isa = PBXFileReference; lastKnownFileType = sourcecode.c.h; path = OscReceivedElements.h; sourceTree = "<group>"; };
		041941D718FD857800157C60 /* OscTypes.cpp */ = {isa = PBXFileReference; lastKnownFileType = sourcecode.cpp.cpp; path = OscTypes.cpp; sourceTree = "<group>"; };
		041941D818FD857800157C60 /* OscTypes.h */ = {isa = PBXFileReference; lastKnownFileType = sourcecode.c.h; path = OscTypes.h; sourceTree = "<group>"; };
		0443202E192CD83000059A2A /* ofxUI.h */ = {isa = PBXFileReference; lastKnownFileType = sourcecode.c.h; path = ofxUI.h; sourceTree = "<group>"; };
		0443202F192CD83000059A2A /* ofxUI2DGraph.cpp */ = {isa = PBXFileReference; lastKnownFileType = sourcecode.cpp.cpp; path = ofxUI2DGraph.cpp; sourceTree = "<group>"; };
		04432030192CD83000059A2A /* ofxUI2DGraph.h */ = {isa = PBXFileReference; lastKnownFileType = sourcecode.c.h; path = ofxUI2DGraph.h; sourceTree = "<group>"; };
		04432031192CD83000059A2A /* ofxUI2DPad.cpp */ = {isa = PBXFileReference; lastKnownFileType = sourcecode.cpp.cpp; path = ofxUI2DPad.cpp; sourceTree = "<group>"; };
		04432032192CD83000059A2A /* ofxUI2DPad.h */ = {isa = PBXFileReference; lastKnownFileType = sourcecode.c.h; path = ofxUI2DPad.h; sourceTree = "<group>"; };
		04432033192CD83000059A2A /* ofxUIBaseDraws.cpp */ = {isa = PBXFileReference; lastKnownFileType = sourcecode.cpp.cpp; path = ofxUIBaseDraws.cpp; sourceTree = "<group>"; };
		04432034192CD83000059A2A /* ofxUIBaseDraws.h */ = {isa = PBXFileReference; lastKnownFileType = sourcecode.c.h; path = ofxUIBaseDraws.h; sourceTree = "<group>"; };
		04432035192CD83000059A2A /* ofxUIBiLabelSlider.cpp */ = {isa = PBXFileReference; lastKnownFileType = sourcecode.cpp.cpp; path = ofxUIBiLabelSlider.cpp; sourceTree = "<group>"; };
		04432036192CD83000059A2A /* ofxUIBiLabelSlider.h */ = {isa = PBXFileReference; lastKnownFileType = sourcecode.c.h; path = ofxUIBiLabelSlider.h; sourceTree = "<group>"; };
		04432037192CD83000059A2A /* ofxUIButton.cpp */ = {isa = PBXFileReference; lastKnownFileType = sourcecode.cpp.cpp; path = ofxUIButton.cpp; sourceTree = "<group>"; };
		04432038192CD83000059A2A /* ofxUIButton.h */ = {isa = PBXFileReference; lastKnownFileType = sourcecode.c.h; path = ofxUIButton.h; sourceTree = "<group>"; };
		04432039192CD83000059A2A /* ofxUICanvas.cpp */ = {isa = PBXFileReference; lastKnownFileType = sourcecode.cpp.cpp; path = ofxUICanvas.cpp; sourceTree = "<group>"; };
		0443203A192CD83000059A2A /* ofxUICanvas.h */ = {isa = PBXFileReference; lastKnownFileType = sourcecode.c.h; path = ofxUICanvas.h; sourceTree = "<group>"; };
		0443203B192CD83000059A2A /* ofxUICircleSlider.cpp */ = {isa = PBXFileReference; lastKnownFileType = sourcecode.cpp.cpp; path = ofxUICircleSlider.cpp; sourceTree = "<group>"; };
		0443203C192CD83000059A2A /* ofxUICircleSlider.h */ = {isa = PBXFileReference; lastKnownFileType = sourcecode.c.h; path = ofxUICircleSlider.h; sourceTree = "<group>"; };
		0443203D192CD83000059A2A /* ofxUIDefines.h */ = {isa = PBXFileReference; lastKnownFileType = sourcecode.c.h; path = ofxUIDefines.h; sourceTree = "<group>"; };
		0443203E192CD83000059A2A /* ofxUIDragableLabelButton.cpp */ = {isa = PBXFileReference; lastKnownFileType = sourcecode.cpp.cpp; path = ofxUIDragableLabelButton.cpp; sourceTree = "<group>"; };
		0443203F192CD83000059A2A /* ofxUIDragableLabelButton.h */ = {isa = PBXFileReference; lastKnownFileType = sourcecode.c.h; path = ofxUIDragableLabelButton.h; sourceTree = "<group>"; };
		04432040192CD83000059A2A /* ofxUIDropDownList.cpp */ = {isa = PBXFileReference; lastKnownFileType = sourcecode.cpp.cpp; path = ofxUIDropDownList.cpp; sourceTree = "<group>"; };
		04432041192CD83000059A2A /* ofxUIDropDownList.h */ = {isa = PBXFileReference; lastKnownFileType = sourcecode.c.h; path = ofxUIDropDownList.h; sourceTree = "<group>"; };
		04432042192CD83000059A2A /* ofxUIEventArgs.cpp */ = {isa = PBXFileReference; lastKnownFileType = sourcecode.cpp.cpp; path = ofxUIEventArgs.cpp; sourceTree = "<group>"; };
		04432043192CD83000059A2A /* ofxUIEventArgs.h */ = {isa = PBXFileReference; lastKnownFileType = sourcecode.c.h; path = ofxUIEventArgs.h; sourceTree = "<group>"; };
		04432044192CD83000059A2A /* ofxUIFPS.cpp */ = {isa = PBXFileReference; lastKnownFileType = sourcecode.cpp.cpp; path = ofxUIFPS.cpp; sourceTree = "<group>"; };
		04432045192CD83000059A2A /* ofxUIFPS.h */ = {isa = PBXFileReference; lastKnownFileType = sourcecode.c.h; path = ofxUIFPS.h; sourceTree = "<group>"; };
		04432046192CD83000059A2A /* ofxUIFPSSlider.cpp */ = {isa = PBXFileReference; lastKnownFileType = sourcecode.cpp.cpp; path = ofxUIFPSSlider.cpp; sourceTree = "<group>"; };
		04432047192CD83000059A2A /* ofxUIFPSSlider.h */ = {isa = PBXFileReference; lastKnownFileType = sourcecode.c.h; path = ofxUIFPSSlider.h; sourceTree = "<group>"; };
		04432048192CD83000059A2A /* ofxUIImage.cpp */ = {isa = PBXFileReference; lastKnownFileType = sourcecode.cpp.cpp; path = ofxUIImage.cpp; sourceTree = "<group>"; };
		04432049192CD83000059A2A /* ofxUIImage.h */ = {isa = PBXFileReference; lastKnownFileType = sourcecode.c.h; path = ofxUIImage.h; sourceTree = "<group>"; };
		0443204A192CD83000059A2A /* ofxUIImageButton.cpp */ = {isa = PBXFileReference; lastKnownFileType = sourcecode.cpp.cpp; path = ofxUIImageButton.cpp; sourceTree = "<group>"; };
		0443204B192CD83000059A2A /* ofxUIImageButton.h */ = {isa = PBXFileReference; lastKnownFileType = sourcecode.c.h; path = ofxUIImageButton.h; sourceTree = "<group>"; };
		0443204C192CD83000059A2A /* ofxUIImageSampler.cpp */ = {isa = PBXFileReference; lastKnownFileType = sourcecode.cpp.cpp; path = ofxUIImageSampler.cpp; sourceTree = "<group>"; };
		0443204D192CD83000059A2A /* ofxUIImageSampler.h */ = {isa = PBXFileReference; lastKnownFileType = sourcecode.c.h; path = ofxUIImageSampler.h; sourceTree = "<group>"; };
		0443204E192CD83000059A2A /* ofxUIImageSlider.cpp */ = {isa = PBXFileReference; lastKnownFileType = sourcecode.cpp.cpp; path = ofxUIImageSlider.cpp; sourceTree = "<group>"; };
		0443204F192CD83000059A2A /* ofxUIImageSlider.h */ = {isa = PBXFileReference; lastKnownFileType = sourcecode.c.h; path = ofxUIImageSlider.h; sourceTree = "<group>"; };
		04432050192CD83000059A2A /* ofxUIImageToggle.cpp */ = {isa = PBXFileReference; lastKnownFileType = sourcecode.cpp.cpp; path = ofxUIImageToggle.cpp; sourceTree = "<group>"; };
		04432051192CD83000059A2A /* ofxUIImageToggle.h */ = {isa = PBXFileReference; lastKnownFileType = sourcecode.c.h; path = ofxUIImageToggle.h; sourceTree = "<group>"; };
		04432052192CD83000059A2A /* ofxUILabel.cpp */ = {isa = PBXFileReference; lastKnownFileType = sourcecode.cpp.cpp; path = ofxUILabel.cpp; sourceTree = "<group>"; };
		04432053192CD83000059A2A /* ofxUILabel.h */ = {isa = PBXFileReference; lastKnownFileType = sourcecode.c.h; path = ofxUILabel.h; sourceTree = "<group>"; };
		04432054192CD83000059A2A /* ofxUILabelButton.cpp */ = {isa = PBXFileReference; lastKnownFileType = sourcecode.cpp.cpp; path = ofxUILabelButton.cpp; sourceTree = "<group>"; };
		04432055192CD83000059A2A /* ofxUILabelButton.h */ = {isa = PBXFileReference; lastKnownFileType = sourcecode.c.h; path = ofxUILabelButton.h; sourceTree = "<group>"; };
		04432056192CD83000059A2A /* ofxUILabelToggle.cpp */ = {isa = PBXFileReference; lastKnownFileType = sourcecode.cpp.cpp; path = ofxUILabelToggle.cpp; sourceTree = "<group>"; };
		04432057192CD83000059A2A /* ofxUILabelToggle.h */ = {isa = PBXFileReference; lastKnownFileType = sourcecode.c.h; path = ofxUILabelToggle.h; sourceTree = "<group>"; };
		04432058192CD83000059A2A /* ofxUIMinimalSlider.cpp */ = {isa = PBXFileReference; lastKnownFileType = sourcecode.cpp.cpp; path = ofxUIMinimalSlider.cpp; sourceTree = "<group>"; };
		04432059192CD83000059A2A /* ofxUIMinimalSlider.h */ = {isa = PBXFileReference; lastKnownFileType = sourcecode.c.h; path = ofxUIMinimalSlider.h; sourceTree = "<group>"; };
		0443205A192CD83000059A2A /* ofxUIMovingGraph.cpp */ = {isa = PBXFileReference; lastKnownFileType = sourcecode.cpp.cpp; path = ofxUIMovingGraph.cpp; sourceTree = "<group>"; };
		0443205B192CD83000059A2A /* ofxUIMovingGraph.h */ = {isa = PBXFileReference; lastKnownFileType = sourcecode.c.h; path = ofxUIMovingGraph.h; sourceTree = "<group>"; };
		0443205C192CD83000059A2A /* ofxUIMultiImageButton.cpp */ = {isa = PBXFileReference; lastKnownFileType = sourcecode.cpp.cpp; path = ofxUIMultiImageButton.cpp; sourceTree = "<group>"; };
		0443205D192CD83000059A2A /* ofxUIMultiImageButton.h */ = {isa = PBXFileReference; lastKnownFileType = sourcecode.c.h; path = ofxUIMultiImageButton.h; sourceTree = "<group>"; };
		0443205E192CD83000059A2A /* ofxUIMultiImageToggle.cpp */ = {isa = PBXFileReference; lastKnownFileType = sourcecode.cpp.cpp; path = ofxUIMultiImageToggle.cpp; sourceTree = "<group>"; };
		0443205F192CD83000059A2A /* ofxUIMultiImageToggle.h */ = {isa = PBXFileReference; lastKnownFileType = sourcecode.c.h; path = ofxUIMultiImageToggle.h; sourceTree = "<group>"; };
		04432060192CD83000059A2A /* ofxUINumberDialer.cpp */ = {isa = PBXFileReference; lastKnownFileType = sourcecode.cpp.cpp; path = ofxUINumberDialer.cpp; sourceTree = "<group>"; };
		04432061192CD83000059A2A /* ofxUINumberDialer.h */ = {isa = PBXFileReference; lastKnownFileType = sourcecode.c.h; path = ofxUINumberDialer.h; sourceTree = "<group>"; };
		04432062192CD83000059A2A /* ofxUIOFWrapper.h */ = {isa = PBXFileReference; lastKnownFileType = sourcecode.c.h; path = ofxUIOFWrapper.h; sourceTree = "<group>"; };
		04432063192CD83000059A2A /* ofxUIRadio.cpp */ = {isa = PBXFileReference; lastKnownFileType = sourcecode.cpp.cpp; path = ofxUIRadio.cpp; sourceTree = "<group>"; };
		04432064192CD83000059A2A /* ofxUIRadio.h */ = {isa = PBXFileReference; lastKnownFileType = sourcecode.c.h; path = ofxUIRadio.h; sourceTree = "<group>"; };
		04432065192CD83000059A2A /* ofxUIRangeSlider.cpp */ = {isa = PBXFileReference; lastKnownFileType = sourcecode.cpp.cpp; path = ofxUIRangeSlider.cpp; sourceTree = "<group>"; };
		04432066192CD83000059A2A /* ofxUIRangeSlider.h */ = {isa = PBXFileReference; lastKnownFileType = sourcecode.c.h; path = ofxUIRangeSlider.h; sourceTree = "<group>"; };
		04432067192CD83000059A2A /* ofxUIRectangle.cpp */ = {isa = PBXFileReference; lastKnownFileType = sourcecode.cpp.cpp; path = ofxUIRectangle.cpp; sourceTree = "<group>"; };
		04432068192CD83000059A2A /* ofxUIRectangle.h */ = {isa = PBXFileReference; lastKnownFileType = sourcecode.c.h; path = ofxUIRectangle.h; sourceTree = "<group>"; };
		04432069192CD83000059A2A /* ofxUIRotarySlider.cpp */ = {isa = PBXFileReference; lastKnownFileType = sourcecode.cpp.cpp; path = ofxUIRotarySlider.cpp; sourceTree = "<group>"; };
		0443206A192CD83000059A2A /* ofxUIRotarySlider.h */ = {isa = PBXFileReference; lastKnownFileType = sourcecode.c.h; path = ofxUIRotarySlider.h; sourceTree = "<group>"; };
		0443206B192CD83000059A2A /* ofxUIScrollableCanvas.cpp */ = {isa = PBXFileReference; lastKnownFileType = sourcecode.cpp.cpp; path = ofxUIScrollableCanvas.cpp; sourceTree = "<group>"; };
		0443206C192CD83000059A2A /* ofxUIScrollableCanvas.h */ = {isa = PBXFileReference; lastKnownFileType = sourcecode.c.h; path = ofxUIScrollableCanvas.h; sourceTree = "<group>"; };
		0443206D192CD83000059A2A /* ofxUISlider.cpp */ = {isa = PBXFileReference; lastKnownFileType = sourcecode.cpp.cpp; path = ofxUISlider.cpp; sourceTree = "<group>"; };
		0443206E192CD83000059A2A /* ofxUISlider.h */ = {isa = PBXFileReference; lastKnownFileType = sourcecode.c.h; path = ofxUISlider.h; sourceTree = "<group>"; };
		0443206F192CD83000059A2A /* ofxUISortableList.cpp */ = {isa = PBXFileReference; lastKnownFileType = sourcecode.cpp.cpp; path = ofxUISortableList.cpp; sourceTree = "<group>"; };
		04432070192CD83000059A2A /* ofxUISortableList.h */ = {isa = PBXFileReference; lastKnownFileType = sourcecode.c.h; path = ofxUISortableList.h; sourceTree = "<group>"; };
		04432071192CD83000059A2A /* ofxUISpacer.cpp */ = {isa = PBXFileReference; lastKnownFileType = sourcecode.cpp.cpp; path = ofxUISpacer.cpp; sourceTree = "<group>"; };
		04432072192CD83000059A2A /* ofxUISpacer.h */ = {isa = PBXFileReference; lastKnownFileType = sourcecode.c.h; path = ofxUISpacer.h; sourceTree = "<group>"; };
		04432073192CD83000059A2A /* ofxUISpectrum.cpp */ = {isa = PBXFileReference; lastKnownFileType = sourcecode.cpp.cpp; path = ofxUISpectrum.cpp; sourceTree = "<group>"; };
		04432074192CD83000059A2A /* ofxUISpectrum.h */ = {isa = PBXFileReference; lastKnownFileType = sourcecode.c.h; path = ofxUISpectrum.h; sourceTree = "<group>"; };
		04432075192CD83000059A2A /* ofxUISuperCanvas.cpp */ = {isa = PBXFileReference; lastKnownFileType = sourcecode.cpp.cpp; path = ofxUISuperCanvas.cpp; sourceTree = "<group>"; };
		04432076192CD83000059A2A /* ofxUISuperCanvas.h */ = {isa = PBXFileReference; lastKnownFileType = sourcecode.c.h; path = ofxUISuperCanvas.h; sourceTree = "<group>"; };
		04432077192CD83000059A2A /* ofxUITabBar.cpp */ = {isa = PBXFileReference; lastKnownFileType = sourcecode.cpp.cpp; path = ofxUITabBar.cpp; sourceTree = "<group>"; };
		04432078192CD83000059A2A /* ofxUITabBar.h */ = {isa = PBXFileReference; lastKnownFileType = sourcecode.c.h; path = ofxUITabBar.h; sourceTree = "<group>"; };
		04432079192CD83000059A2A /* ofxUITextArea.cpp */ = {isa = PBXFileReference; lastKnownFileType = sourcecode.cpp.cpp; path = ofxUITextArea.cpp; sourceTree = "<group>"; };
		0443207A192CD83000059A2A /* ofxUITextArea.h */ = {isa = PBXFileReference; lastKnownFileType = sourcecode.c.h; path = ofxUITextArea.h; sourceTree = "<group>"; };
		0443207B192CD83000059A2A /* ofxUITextInput.cpp */ = {isa = PBXFileReference; lastKnownFileType = sourcecode.cpp.cpp; path = ofxUITextInput.cpp; sourceTree = "<group>"; };
		0443207C192CD83000059A2A /* ofxUITextInput.h */ = {isa = PBXFileReference; lastKnownFileType = sourcecode.c.h; path = ofxUITextInput.h; sourceTree = "<group>"; };
		0443207D192CD83000059A2A /* ofxUIToggle.cpp */ = {isa = PBXFileReference; lastKnownFileType = sourcecode.cpp.cpp; path = ofxUIToggle.cpp; sourceTree = "<group>"; };
		0443207E192CD83000059A2A /* ofxUIToggle.h */ = {isa = PBXFileReference; lastKnownFileType = sourcecode.c.h; path = ofxUIToggle.h; sourceTree = "<group>"; };
		0443207F192CD83000059A2A /* ofxUIToggleMatrix.cpp */ = {isa = PBXFileReference; lastKnownFileType = sourcecode.cpp.cpp; path = ofxUIToggleMatrix.cpp; sourceTree = "<group>"; };
		04432080192CD83000059A2A /* ofxUIToggleMatrix.h */ = {isa = PBXFileReference; lastKnownFileType = sourcecode.c.h; path = ofxUIToggleMatrix.h; sourceTree = "<group>"; };
		04432081192CD83000059A2A /* ofxUIUtils.h */ = {isa = PBXFileReference; lastKnownFileType = sourcecode.c.h; path = ofxUIUtils.h; sourceTree = "<group>"; };
		04432082192CD83000059A2A /* ofxUIValuePlotter.cpp */ = {isa = PBXFileReference; lastKnownFileType = sourcecode.cpp.cpp; path = ofxUIValuePlotter.cpp; sourceTree = "<group>"; };
		04432083192CD83000059A2A /* ofxUIValuePlotter.h */ = {isa = PBXFileReference; lastKnownFileType = sourcecode.c.h; path = ofxUIValuePlotter.h; sourceTree = "<group>"; };
		04432084192CD83000059A2A /* ofxUIWaveform.cpp */ = {isa = PBXFileReference; lastKnownFileType = sourcecode.cpp.cpp; path = ofxUIWaveform.cpp; sourceTree = "<group>"; };
		04432085192CD83000059A2A /* ofxUIWaveform.h */ = {isa = PBXFileReference; lastKnownFileType = sourcecode.c.h; path = ofxUIWaveform.h; sourceTree = "<group>"; };
		04432086192CD83000059A2A /* ofxUIWidget.cpp */ = {isa = PBXFileReference; lastKnownFileType = sourcecode.cpp.cpp; path = ofxUIWidget.cpp; sourceTree = "<group>"; };
		04432087192CD83000059A2A /* ofxUIWidget.h */ = {isa = PBXFileReference; lastKnownFileType = sourcecode.c.h; path = ofxUIWidget.h; sourceTree = "<group>"; };
		04432088192CD83000059A2A /* ofxUIWidgets.h */ = {isa = PBXFileReference; lastKnownFileType = sourcecode.c.h; path = ofxUIWidgets.h; sourceTree = "<group>"; };
		04432089192CD83000059A2A /* ofxUIWidgetWithLabel.cpp */ = {isa = PBXFileReference; lastKnownFileType = sourcecode.cpp.cpp; path = ofxUIWidgetWithLabel.cpp; sourceTree = "<group>"; };
		0443208A192CD83000059A2A /* ofxUIWidgetWithLabel.h */ = {isa = PBXFileReference; lastKnownFileType = sourcecode.c.h; path = ofxUIWidgetWithLabel.h; sourceTree = "<group>"; };
		0443208B192CD83000059A2A /* ofxUIWrapper.h */ = {isa = PBXFileReference; lastKnownFileType = sourcecode.c.h; path = ofxUIWrapper.h; sourceTree = "<group>"; };
		044BD70718EAF5E2006FD670 /* ofxSkeleton.cpp */ = {isa = PBXFileReference; lastKnownFileType = sourcecode.cpp.cpp; path = ofxSkeleton.cpp; sourceTree = "<group>"; };
		044BD70818EAF5E2006FD670 /* ofxSkeleton.h */ = {isa = PBXFileReference; lastKnownFileType = sourcecode.c.h; path = ofxSkeleton.h; sourceTree = "<group>"; };
		044BD79B18EC439C006FD670 /* ofxXmlSettings.cpp */ = {isa = PBXFileReference; lastKnownFileType = sourcecode.cpp.cpp; path = ofxXmlSettings.cpp; sourceTree = "<group>"; };
		044BD79C18EC439C006FD670 /* ofxXmlSettings.h */ = {isa = PBXFileReference; lastKnownFileType = sourcecode.c.h; path = ofxXmlSettings.h; sourceTree = "<group>"; };
		044BD79E18EC439C006FD670 /* tinyxml.cpp */ = {isa = PBXFileReference; lastKnownFileType = sourcecode.cpp.cpp; path = tinyxml.cpp; sourceTree = "<group>"; };
		044BD79F18EC439C006FD670 /* tinyxml.h */ = {isa = PBXFileReference; lastKnownFileType = sourcecode.c.h; path = tinyxml.h; sourceTree = "<group>"; };
		044BD7A018EC439C006FD670 /* tinyxmlerror.cpp */ = {isa = PBXFileReference; lastKnownFileType = sourcecode.cpp.cpp; path = tinyxmlerror.cpp; sourceTree = "<group>"; };
		044BD7A118EC439C006FD670 /* tinyxmlparser.cpp */ = {isa = PBXFileReference; lastKnownFileType = sourcecode.cpp.cpp; path = tinyxmlparser.cpp; sourceTree = "<group>"; };
		04FDAD0618F6D9C200D8D79A /* Imu.cpp */ = {isa = PBXFileReference; fileEncoding = 4; lastKnownFileType = sourcecode.cpp.cpp; path = Imu.cpp; sourceTree = "<group>"; };
		04FDAD0718F6D9C200D8D79A /* Imu.h */ = {isa = PBXFileReference; fileEncoding = 4; lastKnownFileType = sourcecode.c.h; path = Imu.h; sourceTree = "<group>"; };
		BBAB23BE13894E4700AA2426 /* GLUT.framework */ = {isa = PBXFileReference; lastKnownFileType = wrapper.framework; name = GLUT.framework; path = ../../../libs/glut/lib/osx/GLUT.framework; sourceTree = "<group>"; };
		E4328143138ABC890047C5CB /* openFrameworksLib.xcodeproj */ = {isa = PBXFileReference; lastKnownFileType = "wrapper.pb-project"; name = openFrameworksLib.xcodeproj; path = ../../../libs/openFrameworksCompiled/project/osx/openFrameworksLib.xcodeproj; sourceTree = SOURCE_ROOT; };
		E45BE9710E8CC7DD009D7055 /* AGL.framework */ = {isa = PBXFileReference; lastKnownFileType = wrapper.framework; name = AGL.framework; path = /System/Library/Frameworks/AGL.framework; sourceTree = "<absolute>"; };
		E45BE9720E8CC7DD009D7055 /* ApplicationServices.framework */ = {isa = PBXFileReference; lastKnownFileType = wrapper.framework; name = ApplicationServices.framework; path = /System/Library/Frameworks/ApplicationServices.framework; sourceTree = "<absolute>"; };
		E45BE9730E8CC7DD009D7055 /* AudioToolbox.framework */ = {isa = PBXFileReference; lastKnownFileType = wrapper.framework; name = AudioToolbox.framework; path = /System/Library/Frameworks/AudioToolbox.framework; sourceTree = "<absolute>"; };
		E45BE9740E8CC7DD009D7055 /* Carbon.framework */ = {isa = PBXFileReference; lastKnownFileType = wrapper.framework; name = Carbon.framework; path = /System/Library/Frameworks/Carbon.framework; sourceTree = "<absolute>"; };
		E45BE9750E8CC7DD009D7055 /* CoreAudio.framework */ = {isa = PBXFileReference; lastKnownFileType = wrapper.framework; name = CoreAudio.framework; path = /System/Library/Frameworks/CoreAudio.framework; sourceTree = "<absolute>"; };
		E45BE9760E8CC7DD009D7055 /* CoreFoundation.framework */ = {isa = PBXFileReference; lastKnownFileType = wrapper.framework; name = CoreFoundation.framework; path = /System/Library/Frameworks/CoreFoundation.framework; sourceTree = "<absolute>"; };
		E45BE9770E8CC7DD009D7055 /* CoreServices.framework */ = {isa = PBXFileReference; lastKnownFileType = wrapper.framework; name = CoreServices.framework; path = /System/Library/Frameworks/CoreServices.framework; sourceTree = "<absolute>"; };
		E45BE9790E8CC7DD009D7055 /* OpenGL.framework */ = {isa = PBXFileReference; lastKnownFileType = wrapper.framework; name = OpenGL.framework; path = /System/Library/Frameworks/OpenGL.framework; sourceTree = "<absolute>"; };
		E45BE97A0E8CC7DD009D7055 /* QuickTime.framework */ = {isa = PBXFileReference; lastKnownFileType = wrapper.framework; name = QuickTime.framework; path = /System/Library/Frameworks/QuickTime.framework; sourceTree = "<absolute>"; };
		E4B69B5B0A3A1756003C02F2 /* imuOscVizDebug.app */ = {isa = PBXFileReference; explicitFileType = wrapper.application; includeInIndex = 0; path = imuOscVizDebug.app; sourceTree = BUILT_PRODUCTS_DIR; };
		E4B69E1D0A3A1BDC003C02F2 /* main.cpp */ = {isa = PBXFileReference; fileEncoding = 30; lastKnownFileType = sourcecode.cpp.cpp; name = main.cpp; path = src/main.cpp; sourceTree = SOURCE_ROOT; };
		E4B69E1E0A3A1BDC003C02F2 /* ofApp.cpp */ = {isa = PBXFileReference; explicitFileType = sourcecode.cpp.cpp; fileEncoding = 30; name = ofApp.cpp; path = src/ofApp.cpp; sourceTree = SOURCE_ROOT; };
		E4B69E1F0A3A1BDC003C02F2 /* ofApp.h */ = {isa = PBXFileReference; fileEncoding = 30; lastKnownFileType = sourcecode.c.h; name = ofApp.h; path = src/ofApp.h; sourceTree = SOURCE_ROOT; };
		E4B6FCAD0C3E899E008CF71C /* openFrameworks-Info.plist */ = {isa = PBXFileReference; fileEncoding = 30; lastKnownFileType = text.plist.xml; path = "openFrameworks-Info.plist"; sourceTree = "<group>"; };
		E4C2424410CC5A17004149E2 /* AppKit.framework */ = {isa = PBXFileReference; lastKnownFileType = wrapper.framework; name = AppKit.framework; path = /System/Library/Frameworks/AppKit.framework; sourceTree = "<absolute>"; };
		E4C2424510CC5A17004149E2 /* Cocoa.framework */ = {isa = PBXFileReference; lastKnownFileType = wrapper.framework; name = Cocoa.framework; path = /System/Library/Frameworks/Cocoa.framework; sourceTree = "<absolute>"; };
		E4C2424610CC5A17004149E2 /* IOKit.framework */ = {isa = PBXFileReference; lastKnownFileType = wrapper.framework; name = IOKit.framework; path = /System/Library/Frameworks/IOKit.framework; sourceTree = "<absolute>"; };
		E4EB691F138AFCF100A09F29 /* CoreOF.xcconfig */ = {isa = PBXFileReference; fileEncoding = 4; lastKnownFileType = text.xcconfig; name = CoreOF.xcconfig; path = ../../../libs/openFrameworksCompiled/project/osx/CoreOF.xcconfig; sourceTree = SOURCE_ROOT; };
		E4EB6923138AFD0F00A09F29 /* Project.xcconfig */ = {isa = PBXFileReference; fileEncoding = 4; lastKnownFileType = text.xcconfig; path = Project.xcconfig; sourceTree = "<group>"; };
		E7E077E415D3B63C0020DFD4 /* CoreVideo.framework */ = {isa = PBXFileReference; lastKnownFileType = wrapper.framework; name = CoreVideo.framework; path = /System/Library/Frameworks/CoreVideo.framework; sourceTree = "<absolute>"; };
		E7E077E715D3B6510020DFD4 /* QTKit.framework */ = {isa = PBXFileReference; lastKnownFileType = wrapper.framework; name = QTKit.framework; path = /System/Library/Frameworks/QTKit.framework; sourceTree = "<absolute>"; };
		E7F985F515E0DE99003869B5 /* Accelerate.framework */ = {isa = PBXFileReference; lastKnownFileType = wrapper.framework; name = Accelerate.framework; path = /System/Library/Frameworks/Accelerate.framework; sourceTree = "<absolute>"; };
/* End PBXFileReference section */

/* Begin PBXFrameworksBuildPhase section */
		E4B69B590A3A1756003C02F2 /* Frameworks */ = {
			isa = PBXFrameworksBuildPhase;
			buildActionMask = 2147483647;
			files = (
				E7F985F815E0DEA3003869B5 /* Accelerate.framework in Frameworks */,
				E7E077E815D3B6510020DFD4 /* QTKit.framework in Frameworks */,
				E4328149138ABC9F0047C5CB /* openFrameworksDebug.a in Frameworks */,
				E45BE97B0E8CC7DD009D7055 /* AGL.framework in Frameworks */,
				E45BE97C0E8CC7DD009D7055 /* ApplicationServices.framework in Frameworks */,
				E45BE97D0E8CC7DD009D7055 /* AudioToolbox.framework in Frameworks */,
				E45BE97E0E8CC7DD009D7055 /* Carbon.framework in Frameworks */,
				E45BE97F0E8CC7DD009D7055 /* CoreAudio.framework in Frameworks */,
				E45BE9800E8CC7DD009D7055 /* CoreFoundation.framework in Frameworks */,
				E45BE9810E8CC7DD009D7055 /* CoreServices.framework in Frameworks */,
				E45BE9830E8CC7DD009D7055 /* OpenGL.framework in Frameworks */,
				E45BE9840E8CC7DD009D7055 /* QuickTime.framework in Frameworks */,
				E4C2424710CC5A17004149E2 /* AppKit.framework in Frameworks */,
				E4C2424810CC5A17004149E2 /* Cocoa.framework in Frameworks */,
				E4C2424910CC5A17004149E2 /* IOKit.framework in Frameworks */,
				E7E077E515D3B63C0020DFD4 /* CoreVideo.framework in Frameworks */,
			);
			runOnlyForDeploymentPostprocessing = 0;
		};
/* End PBXFrameworksBuildPhase section */

/* Begin PBXGroup section */
		041941AE18FD857800157C60 /* ofxOsc */ = {
			isa = PBXGroup;
			children = (
				041941AF18FD857800157C60 /* src */,
				041941BC18FD857800157C60 /* libs */,
			);
			name = ofxOsc;
			sourceTree = "<group>";
		};
		041941AF18FD857800157C60 /* src */ = {
			isa = PBXGroup;
			children = (
				041941B018FD857800157C60 /* ofxOsc.h */,
				041941B118FD857800157C60 /* ofxOscArg.h */,
				041941B218FD857800157C60 /* ofxOscBundle.cpp */,
				041941B318FD857800157C60 /* ofxOscBundle.h */,
				041941B418FD857800157C60 /* ofxOscMessage.cpp */,
				041941B518FD857800157C60 /* ofxOscMessage.h */,
				041941B618FD857800157C60 /* ofxOscParameterSync.cpp */,
				041941B718FD857800157C60 /* ofxOscParameterSync.h */,
				041941B818FD857800157C60 /* ofxOscReceiver.cpp */,
				041941B918FD857800157C60 /* ofxOscReceiver.h */,
				041941BA18FD857800157C60 /* ofxOscSender.cpp */,
				041941BB18FD857800157C60 /* ofxOscSender.h */,
			);
			name = src;
			path = ../../../addons/ofxOsc/src;
			sourceTree = "<group>";
		};
		041941BC18FD857800157C60 /* libs */ = {
			isa = PBXGroup;
			children = (
				041941BD18FD857800157C60 /* oscpack */,
			);
			name = libs;
			path = ../../../addons/ofxOsc/libs;
			sourceTree = "<group>";
		};
		041941BD18FD857800157C60 /* oscpack */ = {
			isa = PBXGroup;
			children = (
				041941BE18FD857800157C60 /* src */,
			);
			path = oscpack;
			sourceTree = "<group>";
		};
		041941BE18FD857800157C60 /* src */ = {
			isa = PBXGroup;
			children = (
				041941BF18FD857800157C60 /* ip */,
				041941CC18FD857800157C60 /* osc */,
			);
			path = src;
			sourceTree = "<group>";
		};
		041941BF18FD857800157C60 /* ip */ = {
			isa = PBXGroup;
			children = (
				041941C018FD857800157C60 /* IpEndpointName.cpp */,
				041941C118FD857800157C60 /* IpEndpointName.h */,
				041941C218FD857800157C60 /* NetworkingUtils.h */,
				041941C318FD857800157C60 /* PacketListener.h */,
				041941C418FD857800157C60 /* posix */,
				041941C718FD857800157C60 /* TimerListener.h */,
				041941C818FD857800157C60 /* UdpSocket.h */,
			);
			path = ip;
			sourceTree = "<group>";
		};
		041941C418FD857800157C60 /* posix */ = {
			isa = PBXGroup;
			children = (
				041941C518FD857800157C60 /* NetworkingUtils.cpp */,
				041941C618FD857800157C60 /* UdpSocket.cpp */,
			);
			path = posix;
			sourceTree = "<group>";
		};
		041941CC18FD857800157C60 /* osc */ = {
			isa = PBXGroup;
			children = (
				041941CD18FD857800157C60 /* MessageMappingOscPacketListener.h */,
				041941CE18FD857800157C60 /* OscException.h */,
				041941CF18FD857800157C60 /* OscHostEndianness.h */,
				041941D018FD857800157C60 /* OscOutboundPacketStream.cpp */,
				041941D118FD857800157C60 /* OscOutboundPacketStream.h */,
				041941D218FD857800157C60 /* OscPacketListener.h */,
				041941D318FD857800157C60 /* OscPrintReceivedElements.cpp */,
				041941D418FD857800157C60 /* OscPrintReceivedElements.h */,
				041941D518FD857800157C60 /* OscReceivedElements.cpp */,
				041941D618FD857800157C60 /* OscReceivedElements.h */,
				041941D718FD857800157C60 /* OscTypes.cpp */,
				041941D818FD857800157C60 /* OscTypes.h */,
			);
			path = osc;
			sourceTree = "<group>";
		};
		0443202C192CD83000059A2A /* ofxUI */ = {
			isa = PBXGroup;
			children = (
				0443202D192CD83000059A2A /* src */,
			);
			name = ofxUI;
			sourceTree = "<group>";
		};
		0443202D192CD83000059A2A /* src */ = {
			isa = PBXGroup;
			children = (
				0443202E192CD83000059A2A /* ofxUI.h */,
				0443202F192CD83000059A2A /* ofxUI2DGraph.cpp */,
				04432030192CD83000059A2A /* ofxUI2DGraph.h */,
				04432031192CD83000059A2A /* ofxUI2DPad.cpp */,
				04432032192CD83000059A2A /* ofxUI2DPad.h */,
				04432033192CD83000059A2A /* ofxUIBaseDraws.cpp */,
				04432034192CD83000059A2A /* ofxUIBaseDraws.h */,
				04432035192CD83000059A2A /* ofxUIBiLabelSlider.cpp */,
				04432036192CD83000059A2A /* ofxUIBiLabelSlider.h */,
				04432037192CD83000059A2A /* ofxUIButton.cpp */,
				04432038192CD83000059A2A /* ofxUIButton.h */,
				04432039192CD83000059A2A /* ofxUICanvas.cpp */,
				0443203A192CD83000059A2A /* ofxUICanvas.h */,
				0443203B192CD83000059A2A /* ofxUICircleSlider.cpp */,
				0443203C192CD83000059A2A /* ofxUICircleSlider.h */,
				0443203D192CD83000059A2A /* ofxUIDefines.h */,
				0443203E192CD83000059A2A /* ofxUIDragableLabelButton.cpp */,
				0443203F192CD83000059A2A /* ofxUIDragableLabelButton.h */,
				04432040192CD83000059A2A /* ofxUIDropDownList.cpp */,
				04432041192CD83000059A2A /* ofxUIDropDownList.h */,
				04432042192CD83000059A2A /* ofxUIEventArgs.cpp */,
				04432043192CD83000059A2A /* ofxUIEventArgs.h */,
				04432044192CD83000059A2A /* ofxUIFPS.cpp */,
				04432045192CD83000059A2A /* ofxUIFPS.h */,
				04432046192CD83000059A2A /* ofxUIFPSSlider.cpp */,
				04432047192CD83000059A2A /* ofxUIFPSSlider.h */,
				04432048192CD83000059A2A /* ofxUIImage.cpp */,
				04432049192CD83000059A2A /* ofxUIImage.h */,
				0443204A192CD83000059A2A /* ofxUIImageButton.cpp */,
				0443204B192CD83000059A2A /* ofxUIImageButton.h */,
				0443204C192CD83000059A2A /* ofxUIImageSampler.cpp */,
				0443204D192CD83000059A2A /* ofxUIImageSampler.h */,
				0443204E192CD83000059A2A /* ofxUIImageSlider.cpp */,
				0443204F192CD83000059A2A /* ofxUIImageSlider.h */,
				04432050192CD83000059A2A /* ofxUIImageToggle.cpp */,
				04432051192CD83000059A2A /* ofxUIImageToggle.h */,
				04432052192CD83000059A2A /* ofxUILabel.cpp */,
				04432053192CD83000059A2A /* ofxUILabel.h */,
				04432054192CD83000059A2A /* ofxUILabelButton.cpp */,
				04432055192CD83000059A2A /* ofxUILabelButton.h */,
				04432056192CD83000059A2A /* ofxUILabelToggle.cpp */,
				04432057192CD83000059A2A /* ofxUILabelToggle.h */,
				04432058192CD83000059A2A /* ofxUIMinimalSlider.cpp */,
				04432059192CD83000059A2A /* ofxUIMinimalSlider.h */,
				0443205A192CD83000059A2A /* ofxUIMovingGraph.cpp */,
				0443205B192CD83000059A2A /* ofxUIMovingGraph.h */,
				0443205C192CD83000059A2A /* ofxUIMultiImageButton.cpp */,
				0443205D192CD83000059A2A /* ofxUIMultiImageButton.h */,
				0443205E192CD83000059A2A /* ofxUIMultiImageToggle.cpp */,
				0443205F192CD83000059A2A /* ofxUIMultiImageToggle.h */,
				04432060192CD83000059A2A /* ofxUINumberDialer.cpp */,
				04432061192CD83000059A2A /* ofxUINumberDialer.h */,
				04432062192CD83000059A2A /* ofxUIOFWrapper.h */,
				04432063192CD83000059A2A /* ofxUIRadio.cpp */,
				04432064192CD83000059A2A /* ofxUIRadio.h */,
				04432065192CD83000059A2A /* ofxUIRangeSlider.cpp */,
				04432066192CD83000059A2A /* ofxUIRangeSlider.h */,
				04432067192CD83000059A2A /* ofxUIRectangle.cpp */,
				04432068192CD83000059A2A /* ofxUIRectangle.h */,
				04432069192CD83000059A2A /* ofxUIRotarySlider.cpp */,
				0443206A192CD83000059A2A /* ofxUIRotarySlider.h */,
				0443206B192CD83000059A2A /* ofxUIScrollableCanvas.cpp */,
				0443206C192CD83000059A2A /* ofxUIScrollableCanvas.h */,
				0443206D192CD83000059A2A /* ofxUISlider.cpp */,
				0443206E192CD83000059A2A /* ofxUISlider.h */,
				0443206F192CD83000059A2A /* ofxUISortableList.cpp */,
				04432070192CD83000059A2A /* ofxUISortableList.h */,
				04432071192CD83000059A2A /* ofxUISpacer.cpp */,
				04432072192CD83000059A2A /* ofxUISpacer.h */,
				04432073192CD83000059A2A /* ofxUISpectrum.cpp */,
				04432074192CD83000059A2A /* ofxUISpectrum.h */,
				04432075192CD83000059A2A /* ofxUISuperCanvas.cpp */,
				04432076192CD83000059A2A /* ofxUISuperCanvas.h */,
				04432077192CD83000059A2A /* ofxUITabBar.cpp */,
				04432078192CD83000059A2A /* ofxUITabBar.h */,
				04432079192CD83000059A2A /* ofxUITextArea.cpp */,
				0443207A192CD83000059A2A /* ofxUITextArea.h */,
				0443207B192CD83000059A2A /* ofxUITextInput.cpp */,
				0443207C192CD83000059A2A /* ofxUITextInput.h */,
				0443207D192CD83000059A2A /* ofxUIToggle.cpp */,
				0443207E192CD83000059A2A /* ofxUIToggle.h */,
				0443207F192CD83000059A2A /* ofxUIToggleMatrix.cpp */,
				04432080192CD83000059A2A /* ofxUIToggleMatrix.h */,
				04432081192CD83000059A2A /* ofxUIUtils.h */,
				04432082192CD83000059A2A /* ofxUIValuePlotter.cpp */,
				04432083192CD83000059A2A /* ofxUIValuePlotter.h */,
				04432084192CD83000059A2A /* ofxUIWaveform.cpp */,
				04432085192CD83000059A2A /* ofxUIWaveform.h */,
				04432086192CD83000059A2A /* ofxUIWidget.cpp */,
				04432087192CD83000059A2A /* ofxUIWidget.h */,
				04432088192CD83000059A2A /* ofxUIWidgets.h */,
				04432089192CD83000059A2A /* ofxUIWidgetWithLabel.cpp */,
				0443208A192CD83000059A2A /* ofxUIWidgetWithLabel.h */,
				0443208B192CD83000059A2A /* ofxUIWrapper.h */,
			);
			name = src;
			path = ../../../addons/ofxUI/src;
			sourceTree = "<group>";
		};
		044BD70518EAF5E2006FD670 /* ofxSkeleton */ = {
			isa = PBXGroup;
			children = (
				044BD70618EAF5E2006FD670 /* src */,
			);
			name = ofxSkeleton;
			sourceTree = "<group>";
		};
		044BD70618EAF5E2006FD670 /* src */ = {
			isa = PBXGroup;
			children = (
				044BD70718EAF5E2006FD670 /* ofxSkeleton.cpp */,
				044BD70818EAF5E2006FD670 /* ofxSkeleton.h */,
			);
			name = src;
			path = ../../../addons/ofxSkeleton/src;
			sourceTree = "<group>";
		};
		044BD79918EC439C006FD670 /* ofxXmlSettings */ = {
			isa = PBXGroup;
			children = (
				044BD79A18EC439C006FD670 /* src */,
				044BD79D18EC439C006FD670 /* libs */,
			);
			name = ofxXmlSettings;
			sourceTree = "<group>";
		};
		044BD79A18EC439C006FD670 /* src */ = {
			isa = PBXGroup;
			children = (
				044BD79B18EC439C006FD670 /* ofxXmlSettings.cpp */,
				044BD79C18EC439C006FD670 /* ofxXmlSettings.h */,
			);
			name = src;
			path = ../../../addons/ofxXmlSettings/src;
			sourceTree = "<group>";
		};
		044BD79D18EC439C006FD670 /* libs */ = {
			isa = PBXGroup;
			children = (
				044BD79E18EC439C006FD670 /* tinyxml.cpp */,
				044BD79F18EC439C006FD670 /* tinyxml.h */,
				044BD7A018EC439C006FD670 /* tinyxmlerror.cpp */,
				044BD7A118EC439C006FD670 /* tinyxmlparser.cpp */,
			);
			name = libs;
			path = ../../../addons/ofxXmlSettings/libs;
			sourceTree = "<group>";
		};
		BB4B014C10F69532006C3DED /* addons */ = {
			isa = PBXGroup;
			children = (
				0443202C192CD83000059A2A /* ofxUI */,
				041941AE18FD857800157C60 /* ofxOsc */,
				044BD79918EC439C006FD670 /* ofxXmlSettings */,
				044BD70518EAF5E2006FD670 /* ofxSkeleton */,
			);
			name = addons;
			sourceTree = "<group>";
		};
		BBAB23C913894ECA00AA2426 /* system frameworks */ = {
			isa = PBXGroup;
			children = (
				E7F985F515E0DE99003869B5 /* Accelerate.framework */,
				E4C2424410CC5A17004149E2 /* AppKit.framework */,
				E4C2424510CC5A17004149E2 /* Cocoa.framework */,
				E4C2424610CC5A17004149E2 /* IOKit.framework */,
				E45BE9710E8CC7DD009D7055 /* AGL.framework */,
				E45BE9720E8CC7DD009D7055 /* ApplicationServices.framework */,
				E45BE9730E8CC7DD009D7055 /* AudioToolbox.framework */,
				E45BE9740E8CC7DD009D7055 /* Carbon.framework */,
				E45BE9750E8CC7DD009D7055 /* CoreAudio.framework */,
				E45BE9760E8CC7DD009D7055 /* CoreFoundation.framework */,
				E45BE9770E8CC7DD009D7055 /* CoreServices.framework */,
				E45BE9790E8CC7DD009D7055 /* OpenGL.framework */,
				E45BE97A0E8CC7DD009D7055 /* QuickTime.framework */,
				E7E077E415D3B63C0020DFD4 /* CoreVideo.framework */,
				E7E077E715D3B6510020DFD4 /* QTKit.framework */,
			);
			name = "system frameworks";
			sourceTree = "<group>";
		};
		BBAB23CA13894EDB00AA2426 /* 3rd party frameworks */ = {
			isa = PBXGroup;
			children = (
				BBAB23BE13894E4700AA2426 /* GLUT.framework */,
			);
			name = "3rd party frameworks";
			sourceTree = "<group>";
		};
		E4328144138ABC890047C5CB /* Products */ = {
			isa = PBXGroup;
			children = (
				E4328148138ABC890047C5CB /* openFrameworksDebug.a */,
			);
			name = Products;
			sourceTree = "<group>";
		};
		E45BE5980E8CC70C009D7055 /* frameworks */ = {
			isa = PBXGroup;
			children = (
				BBAB23CA13894EDB00AA2426 /* 3rd party frameworks */,
				BBAB23C913894ECA00AA2426 /* system frameworks */,
			);
			name = frameworks;
			sourceTree = "<group>";
		};
		E4B69B4A0A3A1720003C02F2 = {
			isa = PBXGroup;
			children = (
				E4B6FCAD0C3E899E008CF71C /* openFrameworks-Info.plist */,
				E4EB6923138AFD0F00A09F29 /* Project.xcconfig */,
				E4B69E1C0A3A1BDC003C02F2 /* src */,
				E4EEC9E9138DF44700A80321 /* openFrameworks */,
				BB4B014C10F69532006C3DED /* addons */,
				E45BE5980E8CC70C009D7055 /* frameworks */,
				E4B69B5B0A3A1756003C02F2 /* imuOscVizDebug.app */,
			);
			sourceTree = "<group>";
		};
		E4B69E1C0A3A1BDC003C02F2 /* src */ = {
			isa = PBXGroup;
			children = (
				E4B69E1D0A3A1BDC003C02F2 /* main.cpp */,
				E4B69E1E0A3A1BDC003C02F2 /* ofApp.cpp */,
				E4B69E1F0A3A1BDC003C02F2 /* ofApp.h */,
				04FDAD0618F6D9C200D8D79A /* Imu.cpp */,
				04FDAD0718F6D9C200D8D79A /* Imu.h */,
			);
			path = src;
			sourceTree = SOURCE_ROOT;
		};
		E4EEC9E9138DF44700A80321 /* openFrameworks */ = {
			isa = PBXGroup;
			children = (
				E4EB691F138AFCF100A09F29 /* CoreOF.xcconfig */,
				E4328143138ABC890047C5CB /* openFrameworksLib.xcodeproj */,
			);
			name = openFrameworks;
			sourceTree = "<group>";
		};
/* End PBXGroup section */

/* Begin PBXNativeTarget section */
		E4B69B5A0A3A1756003C02F2 /* imuOscViz */ = {
			isa = PBXNativeTarget;
			buildConfigurationList = E4B69B5F0A3A1757003C02F2 /* Build configuration list for PBXNativeTarget "imuOscViz" */;
			buildPhases = (
				E4B69B580A3A1756003C02F2 /* Sources */,
				E4B69B590A3A1756003C02F2 /* Frameworks */,
				E4B6FFFD0C3F9AB9008CF71C /* ShellScript */,
				E4C2427710CC5ABF004149E2 /* CopyFiles */,
			);
			buildRules = (
			);
			dependencies = (
				E4EEB9AC138B136A00A80321 /* PBXTargetDependency */,
			);
			name = imuOscViz;
			productName = myOFApp;
			productReference = E4B69B5B0A3A1756003C02F2 /* imuOscVizDebug.app */;
			productType = "com.apple.product-type.application";
		};
/* End PBXNativeTarget section */

/* Begin PBXProject section */
		E4B69B4C0A3A1720003C02F2 /* Project object */ = {
			isa = PBXProject;
			attributes = {
				LastUpgradeCheck = 0460;
			};
			buildConfigurationList = E4B69B4D0A3A1720003C02F2 /* Build configuration list for PBXProject "imuOscViz" */;
			compatibilityVersion = "Xcode 3.2";
			developmentRegion = English;
			hasScannedForEncodings = 0;
			knownRegions = (
				English,
				Japanese,
				French,
				German,
			);
			mainGroup = E4B69B4A0A3A1720003C02F2;
			productRefGroup = E4B69B4A0A3A1720003C02F2;
			projectDirPath = "";
			projectReferences = (
				{
					ProductGroup = E4328144138ABC890047C5CB /* Products */;
					ProjectRef = E4328143138ABC890047C5CB /* openFrameworksLib.xcodeproj */;
				},
			);
			projectRoot = "";
			targets = (
				E4B69B5A0A3A1756003C02F2 /* imuOscViz */,
			);
		};
/* End PBXProject section */

/* Begin PBXReferenceProxy section */
		E4328148138ABC890047C5CB /* openFrameworksDebug.a */ = {
			isa = PBXReferenceProxy;
			fileType = archive.ar;
			path = openFrameworksDebug.a;
			remoteRef = E4328147138ABC890047C5CB /* PBXContainerItemProxy */;
			sourceTree = BUILT_PRODUCTS_DIR;
		};
/* End PBXReferenceProxy section */

/* Begin PBXShellScriptBuildPhase section */
		E4B6FFFD0C3F9AB9008CF71C /* ShellScript */ = {
			isa = PBXShellScriptBuildPhase;
			buildActionMask = 2147483647;
			files = (
			);
			inputPaths = (
			);
			outputPaths = (
			);
			runOnlyForDeploymentPostprocessing = 0;
			shellPath = /bin/sh;
			shellScript = "cp -f ../../../libs/fmodex/lib/osx/libfmodex.dylib \"$TARGET_BUILD_DIR/$PRODUCT_NAME.app/Contents/MacOS/libfmodex.dylib\"; install_name_tool -change ./libfmodex.dylib @executable_path/libfmodex.dylib \"$TARGET_BUILD_DIR/$PRODUCT_NAME.app/Contents/MacOS/$PRODUCT_NAME\";\nmkdir -p \"$TARGET_BUILD_DIR/$PRODUCT_NAME.app/Contents/Resources/\"\ncp -f \"$ICON_FILE\" \"$TARGET_BUILD_DIR/$PRODUCT_NAME.app/Contents/Resources/\"\n";
		};
/* End PBXShellScriptBuildPhase section */

/* Begin PBXSourcesBuildPhase section */
		E4B69B580A3A1756003C02F2 /* Sources */ = {
			isa = PBXSourcesBuildPhase;
			buildActionMask = 2147483647;
			files = (
				041941E018FD857800157C60 /* UdpSocket.cpp in Sources */,
				044320B2192CD83000059A2A /* ofxUIToggle.cpp in Sources */,
				044320A8192CD83000059A2A /* ofxUIRotarySlider.cpp in Sources */,
				0443209E192CD83000059A2A /* ofxUILabelButton.cpp in Sources */,
				041941D918FD857800157C60 /* ofxOscBundle.cpp in Sources */,
				044320AE192CD83000059A2A /* ofxUISuperCanvas.cpp in Sources */,
				044320B4192CD83000059A2A /* ofxUIValuePlotter.cpp in Sources */,
				044320A5192CD83000059A2A /* ofxUIRadio.cpp in Sources */,
				041941E318FD857800157C60 /* OscReceivedElements.cpp in Sources */,
				044320A9192CD83000059A2A /* ofxUIScrollableCanvas.cpp in Sources */,
				0443208D192CD83000059A2A /* ofxUI2DPad.cpp in Sources */,
				044320A3192CD83000059A2A /* ofxUIMultiImageToggle.cpp in Sources */,
				04FDAD0818F6D9C200D8D79A /* Imu.cpp in Sources */,
				041941DE18FD857800157C60 /* IpEndpointName.cpp in Sources */,
				04432094192CD83000059A2A /* ofxUIDropDownList.cpp in Sources */,
				041941DD18FD857800157C60 /* ofxOscSender.cpp in Sources */,
				041941E218FD857800157C60 /* OscPrintReceivedElements.cpp in Sources */,
				0443209A192CD83000059A2A /* ofxUIImageSampler.cpp in Sources */,
				0443209B192CD83000059A2A /* ofxUIImageSlider.cpp in Sources */,
				044320AA192CD83000059A2A /* ofxUISlider.cpp in Sources */,
				044320B7192CD83000059A2A /* ofxUIWidgetWithLabel.cpp in Sources */,
				044320A4192CD83000059A2A /* ofxUINumberDialer.cpp in Sources */,
				0443208F192CD83000059A2A /* ofxUIBiLabelSlider.cpp in Sources */,
				041941E418FD857800157C60 /* OscTypes.cpp in Sources */,
				04432093192CD83000059A2A /* ofxUIDragableLabelButton.cpp in Sources */,
				041941DB18FD857800157C60 /* ofxOscParameterSync.cpp in Sources */,
				044320A7192CD83000059A2A /* ofxUIRectangle.cpp in Sources */,
				04432091192CD83000059A2A /* ofxUICanvas.cpp in Sources */,
				044320B6192CD83000059A2A /* ofxUIWidget.cpp in Sources */,
				0443208C192CD83000059A2A /* ofxUI2DGraph.cpp in Sources */,
				04432099192CD83000059A2A /* ofxUIImageButton.cpp in Sources */,
				0443209C192CD83000059A2A /* ofxUIImageToggle.cpp in Sources */,
				044BD7A218EC439C006FD670 /* ofxXmlSettings.cpp in Sources */,
				044320AC192CD83000059A2A /* ofxUISpacer.cpp in Sources */,
				0443209D192CD83000059A2A /* ofxUILabel.cpp in Sources */,
				041941DF18FD857800157C60 /* NetworkingUtils.cpp in Sources */,
				04432095192CD83000059A2A /* ofxUIEventArgs.cpp in Sources */,
				041941DA18FD857800157C60 /* ofxOscMessage.cpp in Sources */,
				044320B0192CD83000059A2A /* ofxUITextArea.cpp in Sources */,
				044320B1192CD83000059A2A /* ofxUITextInput.cpp in Sources */,
				E4B69E200A3A1BDC003C02F2 /* main.cpp in Sources */,
				044320AB192CD83000059A2A /* ofxUISortableList.cpp in Sources */,
				E4B69E210A3A1BDC003C02F2 /* ofApp.cpp in Sources */,
				044BD7A418EC439C006FD670 /* tinyxmlerror.cpp in Sources */,
				044BD7A318EC439C006FD670 /* tinyxml.cpp in Sources */,
				044320AF192CD83000059A2A /* ofxUITabBar.cpp in Sources */,
				044320AD192CD83000059A2A /* ofxUISpectrum.cpp in Sources */,
				044BD7A518EC439C006FD670 /* tinyxmlparser.cpp in Sources */,
				044320B5192CD83000059A2A /* ofxUIWaveform.cpp in Sources */,
				041941DC18FD857800157C60 /* ofxOscReceiver.cpp in Sources */,
				04432098192CD83000059A2A /* ofxUIImage.cpp in Sources */,
				044320A1192CD83000059A2A /* ofxUIMovingGraph.cpp in Sources */,
				044320B3192CD83000059A2A /* ofxUIToggleMatrix.cpp in Sources */,
				044320A2192CD83000059A2A /* ofxUIMultiImageButton.cpp in Sources */,
				044320A6192CD83000059A2A /* ofxUIRangeSlider.cpp in Sources */,
				044BD70918EAF5E2006FD670 /* ofxSkeleton.cpp in Sources */,
				04432097192CD83000059A2A /* ofxUIFPSSlider.cpp in Sources */,
				044320A0192CD83000059A2A /* ofxUIMinimalSlider.cpp in Sources */,
				0443209F192CD83000059A2A /* ofxUILabelToggle.cpp in Sources */,
				041941E118FD857800157C60 /* OscOutboundPacketStream.cpp in Sources */,
				04432096192CD83000059A2A /* ofxUIFPS.cpp in Sources */,
				0443208E192CD83000059A2A /* ofxUIBaseDraws.cpp in Sources */,
				04432092192CD83000059A2A /* ofxUICircleSlider.cpp in Sources */,
				04432090192CD83000059A2A /* ofxUIButton.cpp in Sources */,
			);
			runOnlyForDeploymentPostprocessing = 0;
		};
/* End PBXSourcesBuildPhase section */

/* Begin PBXTargetDependency section */
		E4EEB9AC138B136A00A80321 /* PBXTargetDependency */ = {
			isa = PBXTargetDependency;
			name = openFrameworks;
			targetProxy = E4EEB9AB138B136A00A80321 /* PBXContainerItemProxy */;
		};
/* End PBXTargetDependency section */

/* Begin XCBuildConfiguration section */
		E4B69B4E0A3A1720003C02F2 /* Debug */ = {
			isa = XCBuildConfiguration;
			baseConfigurationReference = E4EB6923138AFD0F00A09F29 /* Project.xcconfig */;
			buildSettings = {
				ARCHS = "$(NATIVE_ARCH)";
				CONFIGURATION_BUILD_DIR = "$(SRCROOT)/bin/";
				COPY_PHASE_STRIP = NO;
				DEAD_CODE_STRIPPING = YES;
				GCC_AUTO_VECTORIZATION = YES;
				GCC_ENABLE_SSE3_EXTENSIONS = YES;
				GCC_ENABLE_SUPPLEMENTAL_SSE3_INSTRUCTIONS = YES;
				GCC_INLINES_ARE_PRIVATE_EXTERN = NO;
				GCC_OPTIMIZATION_LEVEL = 0;
				GCC_SYMBOLS_PRIVATE_EXTERN = NO;
				GCC_WARN_ABOUT_DEPRECATED_FUNCTIONS = YES;
				GCC_WARN_ABOUT_INVALID_OFFSETOF_MACRO = NO;
				GCC_WARN_ALLOW_INCOMPLETE_PROTOCOL = NO;
				GCC_WARN_UNINITIALIZED_AUTOS = NO;
				GCC_WARN_UNUSED_VALUE = NO;
				GCC_WARN_UNUSED_VARIABLE = NO;
				HEADER_SEARCH_PATHS = (
					"$(OF_CORE_HEADERS)",
					src,
				);
				MACOSX_DEPLOYMENT_TARGET = 10.6;
				OTHER_CPLUSPLUSFLAGS = (
					"-D__MACOSX_CORE__",
					"-lpthread",
					"-mtune=native",
				);
				SDKROOT = macosx;
			};
			name = Debug;
		};
		E4B69B4F0A3A1720003C02F2 /* Release */ = {
			isa = XCBuildConfiguration;
			baseConfigurationReference = E4EB6923138AFD0F00A09F29 /* Project.xcconfig */;
			buildSettings = {
				ARCHS = "$(NATIVE_ARCH)";
				CONFIGURATION_BUILD_DIR = "$(SRCROOT)/bin/";
				COPY_PHASE_STRIP = YES;
				DEAD_CODE_STRIPPING = YES;
				GCC_AUTO_VECTORIZATION = YES;
				GCC_ENABLE_SSE3_EXTENSIONS = YES;
				GCC_ENABLE_SUPPLEMENTAL_SSE3_INSTRUCTIONS = YES;
				GCC_INLINES_ARE_PRIVATE_EXTERN = NO;
				GCC_OPTIMIZATION_LEVEL = 3;
				GCC_SYMBOLS_PRIVATE_EXTERN = NO;
				GCC_UNROLL_LOOPS = YES;
				GCC_WARN_ABOUT_DEPRECATED_FUNCTIONS = YES;
				GCC_WARN_ABOUT_INVALID_OFFSETOF_MACRO = NO;
				GCC_WARN_ALLOW_INCOMPLETE_PROTOCOL = NO;
				GCC_WARN_UNINITIALIZED_AUTOS = NO;
				GCC_WARN_UNUSED_VALUE = NO;
				GCC_WARN_UNUSED_VARIABLE = NO;
				HEADER_SEARCH_PATHS = (
					"$(OF_CORE_HEADERS)",
					src,
				);
				MACOSX_DEPLOYMENT_TARGET = 10.6;
				OTHER_CPLUSPLUSFLAGS = (
					"-D__MACOSX_CORE__",
					"-lpthread",
					"-mtune=native",
				);
				SDKROOT = macosx;
			};
			name = Release;
		};
		E4B69B600A3A1757003C02F2 /* Debug */ = {
			isa = XCBuildConfiguration;
			buildSettings = {
				CLANG_CXX_LANGUAGE_STANDARD = "gnu++98";
				CLANG_CXX_LIBRARY = "libstdc++";
				COMBINE_HIDPI_IMAGES = YES;
				COPY_PHASE_STRIP = NO;
				FRAMEWORK_SEARCH_PATHS = (
					"$(inherited)",
					"$(FRAMEWORK_SEARCH_PATHS_QUOTED_FOR_TARGET_1)",
				);
				FRAMEWORK_SEARCH_PATHS_QUOTED_FOR_TARGET_1 = "\"$(SRCROOT)/../../../libs/glut/lib/osx\"";
				GCC_DYNAMIC_NO_PIC = NO;
				GCC_GENERATE_DEBUGGING_SYMBOLS = YES;
				GCC_MODEL_TUNING = NONE;
				ICON = "$(ICON_NAME_DEBUG)";
				ICON_FILE = "$(ICON_FILE_PATH)$(ICON)";
				INFOPLIST_FILE = "openFrameworks-Info.plist";
				INSTALL_PATH = "$(HOME)/Applications";
				LIBRARY_SEARCH_PATHS = (
					"$(inherited)",
					"$(LIBRARY_SEARCH_PATHS_QUOTED_FOR_TARGET_1)",
					"$(LIBRARY_SEARCH_PATHS_QUOTED_FOR_TARGET_2)",
					"$(LIBRARY_SEARCH_PATHS_QUOTED_FOR_TARGET_3)",
					"$(LIBRARY_SEARCH_PATHS_QUOTED_FOR_TARGET_4)",
					"$(LIBRARY_SEARCH_PATHS_QUOTED_FOR_TARGET_5)",
					"$(LIBRARY_SEARCH_PATHS_QUOTED_FOR_TARGET_6)",
					"$(LIBRARY_SEARCH_PATHS_QUOTED_FOR_TARGET_7)",
					"$(LIBRARY_SEARCH_PATHS_QUOTED_FOR_TARGET_8)",
					"$(LIBRARY_SEARCH_PATHS_QUOTED_FOR_TARGET_9)",
					"$(LIBRARY_SEARCH_PATHS_QUOTED_FOR_TARGET_10)",
					"$(LIBRARY_SEARCH_PATHS_QUOTED_FOR_TARGET_11)",
					"$(LIBRARY_SEARCH_PATHS_QUOTED_FOR_TARGET_12)",
					"$(LIBRARY_SEARCH_PATHS_QUOTED_FOR_TARGET_13)",
					"$(LIBRARY_SEARCH_PATHS_QUOTED_FOR_TARGET_14)",
					"$(LIBRARY_SEARCH_PATHS_QUOTED_FOR_TARGET_15)",
					"$(LIBRARY_SEARCH_PATHS_QUOTED_FOR_TARGET_2)",
					"$(LIBRARY_SEARCH_PATHS_QUOTED_FOR_TARGET_3)",
					"$(LIBRARY_SEARCH_PATHS_QUOTED_FOR_TARGET_7)",
					"$(LIBRARY_SEARCH_PATHS_QUOTED_FOR_TARGET_8)",
					"$(LIBRARY_SEARCH_PATHS_QUOTED_FOR_TARGET_9)",
					"$(LIBRARY_SEARCH_PATHS_QUOTED_FOR_TARGET_10)",
					"$(LIBRARY_SEARCH_PATHS_QUOTED_FOR_TARGET_11)",
					"$(LIBRARY_SEARCH_PATHS_QUOTED_FOR_TARGET_12)",
					"$(LIBRARY_SEARCH_PATHS_QUOTED_FOR_TARGET_13)",
					"$(LIBRARY_SEARCH_PATHS_QUOTED_FOR_TARGET_16)",
					"$(LIBRARY_SEARCH_PATHS_QUOTED_FOR_TARGET_17)",
					"$(LIBRARY_SEARCH_PATHS_QUOTED_FOR_TARGET_18)",
					"$(LIBRARY_SEARCH_PATHS_QUOTED_FOR_TARGET_19)",
					"$(LIBRARY_SEARCH_PATHS_QUOTED_FOR_TARGET_20)",
					"$(LIBRARY_SEARCH_PATHS_QUOTED_FOR_TARGET_21)",
					"$(LIBRARY_SEARCH_PATHS_QUOTED_FOR_TARGET_22)",
					"$(LIBRARY_SEARCH_PATHS_QUOTED_FOR_TARGET_23)",
					"$(LIBRARY_SEARCH_PATHS_QUOTED_FOR_TARGET_24)",
					"$(LIBRARY_SEARCH_PATHS_QUOTED_FOR_TARGET_25)",
					"$(LIBRARY_SEARCH_PATHS_QUOTED_FOR_TARGET_26)",
					"$(LIBRARY_SEARCH_PATHS_QUOTED_FOR_TARGET_27)",
					"$(LIBRARY_SEARCH_PATHS_QUOTED_FOR_TARGET_28)",
					"$(LIBRARY_SEARCH_PATHS_QUOTED_FOR_TARGET_29)",
					"$(LIBRARY_SEARCH_PATHS_QUOTED_FOR_TARGET_30)",
					"$(LIBRARY_SEARCH_PATHS_QUOTED_FOR_TARGET_31)",
					"$(LIBRARY_SEARCH_PATHS_QUOTED_FOR_TARGET_32)",
					"$(LIBRARY_SEARCH_PATHS_QUOTED_FOR_TARGET_33)",
					"$(LIBRARY_SEARCH_PATHS_QUOTED_FOR_TARGET_34)",
					"$(LIBRARY_SEARCH_PATHS_QUOTED_FOR_TARGET_35)",
					"$(LIBRARY_SEARCH_PATHS_QUOTED_FOR_TARGET_36)",
					"$(LIBRARY_SEARCH_PATHS_QUOTED_FOR_TARGET_37)",
					"$(LIBRARY_SEARCH_PATHS_QUOTED_FOR_TARGET_38)",
					"$(LIBRARY_SEARCH_PATHS_QUOTED_FOR_TARGET_39)",
					"$(LIBRARY_SEARCH_PATHS_QUOTED_FOR_TARGET_40)",
					"$(LIBRARY_SEARCH_PATHS_QUOTED_FOR_TARGET_41)",
					"$(LIBRARY_SEARCH_PATHS_QUOTED_FOR_TARGET_42)",
					"$(LIBRARY_SEARCH_PATHS_QUOTED_FOR_TARGET_43)",
					"$(LIBRARY_SEARCH_PATHS_QUOTED_FOR_TARGET_44)",
					"$(LIBRARY_SEARCH_PATHS_QUOTED_FOR_TARGET_45)",
					"$(LIBRARY_SEARCH_PATHS_QUOTED_FOR_TARGET_46)",
					"$(LIBRARY_SEARCH_PATHS_QUOTED_FOR_TARGET_47)",
					"$(LIBRARY_SEARCH_PATHS_QUOTED_FOR_TARGET_48)",
					"$(LIBRARY_SEARCH_PATHS_QUOTED_FOR_TARGET_49)",
					"$(LIBRARY_SEARCH_PATHS_QUOTED_FOR_TARGET_50)",
					"$(LIBRARY_SEARCH_PATHS_QUOTED_FOR_TARGET_51)",
					"$(LIBRARY_SEARCH_PATHS_QUOTED_FOR_TARGET_52)",
				);
				PRODUCT_NAME = imuOscVizDebug;
				SDKROOT = macosx10.8;
				USER_HEADER_SEARCH_PATHS = "../../../addons/ofxOsc/libs/oscpack/src/ ../../../addons/ofxOsc/libs/oscpack/src/";
				WRAPPER_EXTENSION = app;
			};
			name = Debug;
		};
		E4B69B610A3A1757003C02F2 /* Release */ = {
			isa = XCBuildConfiguration;
			buildSettings = {
				CLANG_CXX_LANGUAGE_STANDARD = "gnu++98";
				CLANG_CXX_LIBRARY = "libstdc++";
				COMBINE_HIDPI_IMAGES = YES;
				COPY_PHASE_STRIP = YES;
				FRAMEWORK_SEARCH_PATHS = (
					"$(inherited)",
					"$(FRAMEWORK_SEARCH_PATHS_QUOTED_FOR_TARGET_1)",
				);
				FRAMEWORK_SEARCH_PATHS_QUOTED_FOR_TARGET_1 = "\"$(SRCROOT)/../../../libs/glut/lib/osx\"";
				GCC_GENERATE_DEBUGGING_SYMBOLS = YES;
				GCC_MODEL_TUNING = NONE;
				ICON = "$(ICON_NAME_RELEASE)";
				ICON_FILE = "$(ICON_FILE_PATH)$(ICON)";
				INFOPLIST_FILE = "openFrameworks-Info.plist";
				INSTALL_PATH = "$(HOME)/Applications";
				LIBRARY_SEARCH_PATHS = (
					"$(inherited)",
					"$(LIBRARY_SEARCH_PATHS_QUOTED_FOR_TARGET_1)",
					"$(LIBRARY_SEARCH_PATHS_QUOTED_FOR_TARGET_2)",
					"$(LIBRARY_SEARCH_PATHS_QUOTED_FOR_TARGET_3)",
					"$(LIBRARY_SEARCH_PATHS_QUOTED_FOR_TARGET_4)",
					"$(LIBRARY_SEARCH_PATHS_QUOTED_FOR_TARGET_5)",
					"$(LIBRARY_SEARCH_PATHS_QUOTED_FOR_TARGET_6)",
					"$(LIBRARY_SEARCH_PATHS_QUOTED_FOR_TARGET_7)",
					"$(LIBRARY_SEARCH_PATHS_QUOTED_FOR_TARGET_8)",
					"$(LIBRARY_SEARCH_PATHS_QUOTED_FOR_TARGET_9)",
					"$(LIBRARY_SEARCH_PATHS_QUOTED_FOR_TARGET_10)",
					"$(LIBRARY_SEARCH_PATHS_QUOTED_FOR_TARGET_11)",
					"$(LIBRARY_SEARCH_PATHS_QUOTED_FOR_TARGET_12)",
					"$(LIBRARY_SEARCH_PATHS_QUOTED_FOR_TARGET_13)",
					"$(LIBRARY_SEARCH_PATHS_QUOTED_FOR_TARGET_14)",
					"$(LIBRARY_SEARCH_PATHS_QUOTED_FOR_TARGET_15)",
					"$(LIBRARY_SEARCH_PATHS_QUOTED_FOR_TARGET_2)",
					"$(LIBRARY_SEARCH_PATHS_QUOTED_1)",
					"$(LIBRARY_SEARCH_PATHS_QUOTED_FOR_TARGET_3)",
					"$(LIBRARY_SEARCH_PATHS_QUOTED_FOR_TARGET_7)",
					"$(LIBRARY_SEARCH_PATHS_QUOTED_FOR_TARGET_8)",
					"$(LIBRARY_SEARCH_PATHS_QUOTED_FOR_TARGET_9)",
					"$(LIBRARY_SEARCH_PATHS_QUOTED_FOR_TARGET_10)",
					"$(LIBRARY_SEARCH_PATHS_QUOTED_FOR_TARGET_11)",
					"$(LIBRARY_SEARCH_PATHS_QUOTED_FOR_TARGET_12)",
					"$(LIBRARY_SEARCH_PATHS_QUOTED_FOR_TARGET_13)",
					"$(LIBRARY_SEARCH_PATHS_QUOTED_FOR_TARGET_16)",
					"$(LIBRARY_SEARCH_PATHS_QUOTED_FOR_TARGET_17)",
					"$(LIBRARY_SEARCH_PATHS_QUOTED_FOR_TARGET_18)",
					"$(LIBRARY_SEARCH_PATHS_QUOTED_FOR_TARGET_19)",
					"$(LIBRARY_SEARCH_PATHS_QUOTED_FOR_TARGET_20)",
					"$(LIBRARY_SEARCH_PATHS_QUOTED_FOR_TARGET_21)",
					"$(LIBRARY_SEARCH_PATHS_QUOTED_FOR_TARGET_22)",
					"$(LIBRARY_SEARCH_PATHS_QUOTED_FOR_TARGET_23)",
					"$(LIBRARY_SEARCH_PATHS_QUOTED_FOR_TARGET_24)",
					"$(LIBRARY_SEARCH_PATHS_QUOTED_FOR_TARGET_25)",
					"$(LIBRARY_SEARCH_PATHS_QUOTED_FOR_TARGET_26)",
					"$(LIBRARY_SEARCH_PATHS_QUOTED_FOR_TARGET_27)",
					"$(LIBRARY_SEARCH_PATHS_QUOTED_FOR_TARGET_28)",
					"$(LIBRARY_SEARCH_PATHS_QUOTED_FOR_TARGET_29)",
					"$(LIBRARY_SEARCH_PATHS_QUOTED_FOR_TARGET_30)",
					"$(LIBRARY_SEARCH_PATHS_QUOTED_FOR_TARGET_31)",
					"$(LIBRARY_SEARCH_PATHS_QUOTED_FOR_TARGET_32)",
					"$(LIBRARY_SEARCH_PATHS_QUOTED_FOR_TARGET_33)",
					"$(LIBRARY_SEARCH_PATHS_QUOTED_FOR_TARGET_34)",
					"$(LIBRARY_SEARCH_PATHS_QUOTED_FOR_TARGET_35)",
					"$(LIBRARY_SEARCH_PATHS_QUOTED_FOR_TARGET_36)",
					"$(LIBRARY_SEARCH_PATHS_QUOTED_FOR_TARGET_37)",
					"$(LIBRARY_SEARCH_PATHS_QUOTED_FOR_TARGET_38)",
					"$(LIBRARY_SEARCH_PATHS_QUOTED_FOR_TARGET_39)",
					"$(LIBRARY_SEARCH_PATHS_QUOTED_FOR_TARGET_40)",
					"$(LIBRARY_SEARCH_PATHS_QUOTED_FOR_TARGET_41)",
					"$(LIBRARY_SEARCH_PATHS_QUOTED_FOR_TARGET_42)",
					"$(LIBRARY_SEARCH_PATHS_QUOTED_FOR_TARGET_43)",
					"$(LIBRARY_SEARCH_PATHS_QUOTED_FOR_TARGET_44)",
					"$(LIBRARY_SEARCH_PATHS_QUOTED_FOR_TARGET_45)",
					"$(LIBRARY_SEARCH_PATHS_QUOTED_FOR_TARGET_46)",
					"$(LIBRARY_SEARCH_PATHS_QUOTED_FOR_TARGET_47)",
					"$(LIBRARY_SEARCH_PATHS_QUOTED_FOR_TARGET_48)",
					"$(LIBRARY_SEARCH_PATHS_QUOTED_FOR_TARGET_49)",
					"$(LIBRARY_SEARCH_PATHS_QUOTED_FOR_TARGET_50)",
					"$(LIBRARY_SEARCH_PATHS_QUOTED_FOR_TARGET_51)",
				);
				PRODUCT_NAME = imuOscViz;
				SDKROOT = macosx10.8;
				USER_HEADER_SEARCH_PATHS = "../../../addons/ofxOsc/libs/oscpack/src/ ../../../addons/ofxOsc/libs/oscpack/src/";
				WRAPPER_EXTENSION = app;
			};
			name = Release;
		};
/* End XCBuildConfiguration section */

/* Begin XCConfigurationList section */
		E4B69B4D0A3A1720003C02F2 /* Build configuration list for PBXProject "imuOscViz" */ = {
			isa = XCConfigurationList;
			buildConfigurations = (
				E4B69B4E0A3A1720003C02F2 /* Debug */,
				E4B69B4F0A3A1720003C02F2 /* Release */,
			);
			defaultConfigurationIsVisible = 0;
			defaultConfigurationName = Release;
		};
		E4B69B5F0A3A1757003C02F2 /* Build configuration list for PBXNativeTarget "imuOscViz" */ = {
			isa = XCConfigurationList;
			buildConfigurations = (
				E4B69B600A3A1757003C02F2 /* Debug */,
				E4B69B610A3A1757003C02F2 /* Release */,
			);
			defaultConfigurationIsVisible = 0;
			defaultConfigurationName = Release;
		};
/* End XCConfigurationList section */
	};
	rootObject = E4B69B4C0A3A1720003C02F2 /* Project object */;
}
