// !$*UTF8*$!
{
	archiveVersion = 1;
	classes = {
	};
	objectVersion = 46;
	objects = {

/* Begin PBXBuildFile section */
		043A7BCE18FD53BA00675C0C /* ofxAruco.cpp in Sources */ = {isa = PBXBuildFile; fileRef = 043A7BAC18FD53BA00675C0C /* ofxAruco.cpp */; };
		043A7BCF18FD53BA00675C0C /* arucofidmarkers.cpp in Sources */ = {isa = PBXBuildFile; fileRef = 043A7BBD18FD53BA00675C0C /* arucofidmarkers.cpp */; };
		043A7BD018FD53BA00675C0C /* board.cpp in Sources */ = {isa = PBXBuildFile; fileRef = 043A7BBF18FD53BA00675C0C /* board.cpp */; };
		043A7BD118FD53BA00675C0C /* boarddetector.cpp in Sources */ = {isa = PBXBuildFile; fileRef = 043A7BC118FD53BA00675C0C /* boarddetector.cpp */; };
		043A7BD218FD53BA00675C0C /* cameraparameters.cpp in Sources */ = {isa = PBXBuildFile; fileRef = 043A7BC318FD53BA00675C0C /* cameraparameters.cpp */; };
		043A7BD318FD53BA00675C0C /* cvdrawingutils.cpp in Sources */ = {isa = PBXBuildFile; fileRef = 043A7BC618FD53BA00675C0C /* cvdrawingutils.cpp */; };
		043A7BD418FD53BA00675C0C /* marker.cpp in Sources */ = {isa = PBXBuildFile; fileRef = 043A7BC918FD53BA00675C0C /* marker.cpp */; };
		043A7BD518FD53BA00675C0C /* markerdetector.cpp in Sources */ = {isa = PBXBuildFile; fileRef = 043A7BCB18FD53BA00675C0C /* markerdetector.cpp */; };
		043A7BFE18FD542400675C0C /* ETF.cpp in Sources */ = {isa = PBXBuildFile; fileRef = 043A7BE318FD542400675C0C /* ETF.cpp */; };
		043A7BFF18FD542400675C0C /* fdog.cpp in Sources */ = {isa = PBXBuildFile; fileRef = 043A7BE418FD542400675C0C /* fdog.cpp */; };
		043A7C0018FD542400675C0C /* Calibration.cpp in Sources */ = {isa = PBXBuildFile; fileRef = 043A7BF318FD542400675C0C /* Calibration.cpp */; };
		043A7C0118FD542400675C0C /* ContourFinder.cpp in Sources */ = {isa = PBXBuildFile; fileRef = 043A7BF418FD542400675C0C /* ContourFinder.cpp */; };
		043A7C0218FD542400675C0C /* Distance.cpp in Sources */ = {isa = PBXBuildFile; fileRef = 043A7BF518FD542400675C0C /* Distance.cpp */; };
		043A7C0318FD542400675C0C /* Flow.cpp in Sources */ = {isa = PBXBuildFile; fileRef = 043A7BF618FD542400675C0C /* Flow.cpp */; };
		043A7C0418FD542400675C0C /* Helpers.cpp in Sources */ = {isa = PBXBuildFile; fileRef = 043A7BF718FD542400675C0C /* Helpers.cpp */; };
		043A7C0518FD542400675C0C /* ObjectFinder.cpp in Sources */ = {isa = PBXBuildFile; fileRef = 043A7BF818FD542400675C0C /* ObjectFinder.cpp */; };
		043A7C0618FD542400675C0C /* RunningBackground.cpp in Sources */ = {isa = PBXBuildFile; fileRef = 043A7BF918FD542400675C0C /* RunningBackground.cpp */; };
		043A7C0718FD542400675C0C /* Tracker.cpp in Sources */ = {isa = PBXBuildFile; fileRef = 043A7BFA18FD542400675C0C /* Tracker.cpp */; };
		043A7C0818FD542400675C0C /* Utilities.cpp in Sources */ = {isa = PBXBuildFile; fileRef = 043A7BFB18FD542400675C0C /* Utilities.cpp */; };
		043A7C0918FD542400675C0C /* Wrappers.cpp in Sources */ = {isa = PBXBuildFile; fileRef = 043A7BFC18FD542400675C0C /* Wrappers.cpp */; };
		043A7C0A18FD542400675C0C /* opencv.a in Frameworks */ = {isa = PBXBuildFile; fileRef = 043A7BFD18FD542400675C0C /* opencv.a */; };
		04404BFD1949B74D00ECCE6D /* ofCvCameraCalibration.cpp in Sources */ = {isa = PBXBuildFile; fileRef = 04404BFB1949B74D00ECCE6D /* ofCvCameraCalibration.cpp */; };
		04F23AE7193F5C6000CD1063 /* ofxOscBundle.cpp in Sources */ = {isa = PBXBuildFile; fileRef = 04F23AC0193F5C6000CD1063 /* ofxOscBundle.cpp */; };
		04F23AE8193F5C6000CD1063 /* ofxOscMessage.cpp in Sources */ = {isa = PBXBuildFile; fileRef = 04F23AC2193F5C6000CD1063 /* ofxOscMessage.cpp */; };
		04F23AE9193F5C6000CD1063 /* ofxOscParameterSync.cpp in Sources */ = {isa = PBXBuildFile; fileRef = 04F23AC4193F5C6000CD1063 /* ofxOscParameterSync.cpp */; };
		04F23AEA193F5C6000CD1063 /* ofxOscReceiver.cpp in Sources */ = {isa = PBXBuildFile; fileRef = 04F23AC6193F5C6000CD1063 /* ofxOscReceiver.cpp */; };
		04F23AEB193F5C6000CD1063 /* ofxOscSender.cpp in Sources */ = {isa = PBXBuildFile; fileRef = 04F23AC8193F5C6000CD1063 /* ofxOscSender.cpp */; };
		04F23AEC193F5C6000CD1063 /* IpEndpointName.cpp in Sources */ = {isa = PBXBuildFile; fileRef = 04F23ACE193F5C6000CD1063 /* IpEndpointName.cpp */; };
		04F23AED193F5C6000CD1063 /* NetworkingUtils.cpp in Sources */ = {isa = PBXBuildFile; fileRef = 04F23AD3193F5C6000CD1063 /* NetworkingUtils.cpp */; };
		04F23AEE193F5C6000CD1063 /* UdpSocket.cpp in Sources */ = {isa = PBXBuildFile; fileRef = 04F23AD4193F5C6000CD1063 /* UdpSocket.cpp */; };
		04F23AEF193F5C6000CD1063 /* OscOutboundPacketStream.cpp in Sources */ = {isa = PBXBuildFile; fileRef = 04F23ADE193F5C6000CD1063 /* OscOutboundPacketStream.cpp */; };
		04F23AF0193F5C6000CD1063 /* OscPrintReceivedElements.cpp in Sources */ = {isa = PBXBuildFile; fileRef = 04F23AE1193F5C6000CD1063 /* OscPrintReceivedElements.cpp */; };
		04F23AF1193F5C6000CD1063 /* OscReceivedElements.cpp in Sources */ = {isa = PBXBuildFile; fileRef = 04F23AE3193F5C6000CD1063 /* OscReceivedElements.cpp */; };
		04F23AF2193F5C6000CD1063 /* OscTypes.cpp in Sources */ = {isa = PBXBuildFile; fileRef = 04F23AE5193F5C6000CD1063 /* OscTypes.cpp */; };
		BBAB23CB13894F3D00AA2426 /* GLUT.framework in CopyFiles */ = {isa = PBXBuildFile; fileRef = BBAB23BE13894E4700AA2426 /* GLUT.framework */; };
		E4328149138ABC9F0047C5CB /* openFrameworksDebug.a in Frameworks */ = {isa = PBXBuildFile; fileRef = E4328148138ABC890047C5CB /* openFrameworksDebug.a */; };
		E45BE97B0E8CC7DD009D7055 /* AGL.framework in Frameworks */ = {isa = PBXBuildFile; fileRef = E45BE9710E8CC7DD009D7055 /* AGL.framework */; };
		E45BE97C0E8CC7DD009D7055 /* ApplicationServices.framework in Frameworks */ = {isa = PBXBuildFile; fileRef = E45BE9720E8CC7DD009D7055 /* ApplicationServices.framework */; };
		E45BE97D0E8CC7DD009D7055 /* AudioToolbox.framework in Frameworks */ = {isa = PBXBuildFile; fileRef = E45BE9730E8CC7DD009D7055 /* AudioToolbox.framework */; };
		E45BE97F0E8CC7DD009D7055 /* CoreAudio.framework in Frameworks */ = {isa = PBXBuildFile; fileRef = E45BE9750E8CC7DD009D7055 /* CoreAudio.framework */; };
		E45BE9800E8CC7DD009D7055 /* CoreFoundation.framework in Frameworks */ = {isa = PBXBuildFile; fileRef = E45BE9760E8CC7DD009D7055 /* CoreFoundation.framework */; };
		E45BE9810E8CC7DD009D7055 /* CoreServices.framework in Frameworks */ = {isa = PBXBuildFile; fileRef = E45BE9770E8CC7DD009D7055 /* CoreServices.framework */; };
		E45BE9830E8CC7DD009D7055 /* OpenGL.framework in Frameworks */ = {isa = PBXBuildFile; fileRef = E45BE9790E8CC7DD009D7055 /* OpenGL.framework */; };
		E45BE9840E8CC7DD009D7055 /* QuickTime.framework in Frameworks */ = {isa = PBXBuildFile; fileRef = E45BE97A0E8CC7DD009D7055 /* QuickTime.framework */; };
		E4B69E200A3A1BDC003C02F2 /* main.cpp in Sources */ = {isa = PBXBuildFile; fileRef = E4B69E1D0A3A1BDC003C02F2 /* main.cpp */; };
		E4B69E210A3A1BDC003C02F2 /* ofApp.cpp in Sources */ = {isa = PBXBuildFile; fileRef = E4B69E1E0A3A1BDC003C02F2 /* ofApp.cpp */; };
		E4C2424710CC5A17004149E2 /* AppKit.framework in Frameworks */ = {isa = PBXBuildFile; fileRef = E4C2424410CC5A17004149E2 /* AppKit.framework */; };
		E4C2424810CC5A17004149E2 /* Cocoa.framework in Frameworks */ = {isa = PBXBuildFile; fileRef = E4C2424510CC5A17004149E2 /* Cocoa.framework */; };
		E4C2424910CC5A17004149E2 /* IOKit.framework in Frameworks */ = {isa = PBXBuildFile; fileRef = E4C2424610CC5A17004149E2 /* IOKit.framework */; };
		E4EB6799138ADC1D00A09F29 /* GLUT.framework in Frameworks */ = {isa = PBXBuildFile; fileRef = BBAB23BE13894E4700AA2426 /* GLUT.framework */; };
		E7E077E515D3B63C0020DFD4 /* CoreVideo.framework in Frameworks */ = {isa = PBXBuildFile; fileRef = E7E077E415D3B63C0020DFD4 /* CoreVideo.framework */; };
		E7E077E815D3B6510020DFD4 /* QTKit.framework in Frameworks */ = {isa = PBXBuildFile; fileRef = E7E077E715D3B6510020DFD4 /* QTKit.framework */; };
		E7F985F815E0DEA3003869B5 /* Accelerate.framework in Frameworks */ = {isa = PBXBuildFile; fileRef = E7F985F515E0DE99003869B5 /* Accelerate.framework */; };
/* End PBXBuildFile section */

/* Begin PBXContainerItemProxy section */
		E4328147138ABC890047C5CB /* PBXContainerItemProxy */ = {
			isa = PBXContainerItemProxy;
			containerPortal = E4328143138ABC890047C5CB /* openFrameworksLib.xcodeproj */;
			proxyType = 2;
			remoteGlobalIDString = E4B27C1510CBEB8E00536013;
			remoteInfo = openFrameworks;
		};
		E4EEB9AB138B136A00A80321 /* PBXContainerItemProxy */ = {
			isa = PBXContainerItemProxy;
			containerPortal = E4328143138ABC890047C5CB /* openFrameworksLib.xcodeproj */;
			proxyType = 1;
			remoteGlobalIDString = E4B27C1410CBEB8E00536013;
			remoteInfo = openFrameworks;
		};
/* End PBXContainerItemProxy section */

/* Begin PBXCopyFilesBuildPhase section */
		E4C2427710CC5ABF004149E2 /* CopyFiles */ = {
			isa = PBXCopyFilesBuildPhase;
			buildActionMask = 2147483647;
			dstPath = "";
			dstSubfolderSpec = 10;
			files = (
				BBAB23CB13894F3D00AA2426 /* GLUT.framework in CopyFiles */,
			);
			runOnlyForDeploymentPostprocessing = 0;
		};
/* End PBXCopyFilesBuildPhase section */

/* Begin PBXFileReference section */
		043A7BAC18FD53BA00675C0C /* ofxAruco.cpp */ = {isa = PBXFileReference; lastKnownFileType = sourcecode.cpp.cpp; path = ofxAruco.cpp; sourceTree = "<group>"; };
		043A7BAD18FD53BA00675C0C /* ofxAruco.h */ = {isa = PBXFileReference; lastKnownFileType = sourcecode.c.h; path = ofxAruco.h; sourceTree = "<group>"; };
		043A7BB018FD53BA00675C0C /* AUTHORS */ = {isa = PBXFileReference; lastKnownFileType = text; path = AUTHORS; sourceTree = "<group>"; };
		043A7BB118FD53BA00675C0C /* ChangeLog */ = {isa = PBXFileReference; lastKnownFileType = text; path = ChangeLog; sourceTree = "<group>"; };
		043A7BB218FD53BA00675C0C /* cmake_uninstall.cmake.in */ = {isa = PBXFileReference; lastKnownFileType = text; path = cmake_uninstall.cmake.in; sourceTree = "<group>"; };
		043A7BB318FD53BA00675C0C /* CMakeLists.txt */ = {isa = PBXFileReference; lastKnownFileType = text; path = CMakeLists.txt; sourceTree = "<group>"; };
		043A7BB418FD53BA00675C0C /* config.cmake.in */ = {isa = PBXFileReference; lastKnownFileType = text; path = config.cmake.in; sourceTree = "<group>"; };
		043A7BB518FD53BA00675C0C /* COPYING */ = {isa = PBXFileReference; lastKnownFileType = text; path = COPYING; sourceTree = "<group>"; };
		043A7BB618FD53BA00675C0C /* dox.in */ = {isa = PBXFileReference; lastKnownFileType = text; path = dox.in; sourceTree = "<group>"; };
		043A7BB718FD53BA00675C0C /* generateDoc.cmake */ = {isa = PBXFileReference; lastKnownFileType = text; path = generateDoc.cmake; sourceTree = "<group>"; };
		043A7BB818FD53BA00675C0C /* INSTALL */ = {isa = PBXFileReference; lastKnownFileType = text; path = INSTALL; sourceTree = "<group>"; };
		043A7BB918FD53BA00675C0C /* NEWS */ = {isa = PBXFileReference; lastKnownFileType = text; path = NEWS; sourceTree = "<group>"; };
		043A7BBA18FD53BA00675C0C /* README */ = {isa = PBXFileReference; lastKnownFileType = text; path = README; sourceTree = "<group>"; };
		043A7BBC18FD53BA00675C0C /* aruco.h */ = {isa = PBXFileReference; lastKnownFileType = sourcecode.c.h; path = aruco.h; sourceTree = "<group>"; };
		043A7BBD18FD53BA00675C0C /* arucofidmarkers.cpp */ = {isa = PBXFileReference; lastKnownFileType = sourcecode.cpp.cpp; path = arucofidmarkers.cpp; sourceTree = "<group>"; };
		043A7BBE18FD53BA00675C0C /* arucofidmarkers.h */ = {isa = PBXFileReference; lastKnownFileType = sourcecode.c.h; path = arucofidmarkers.h; sourceTree = "<group>"; };
		043A7BBF18FD53BA00675C0C /* board.cpp */ = {isa = PBXFileReference; lastKnownFileType = sourcecode.cpp.cpp; path = board.cpp; sourceTree = "<group>"; };
		043A7BC018FD53BA00675C0C /* board.h */ = {isa = PBXFileReference; lastKnownFileType = sourcecode.c.h; path = board.h; sourceTree = "<group>"; };
		043A7BC118FD53BA00675C0C /* boarddetector.cpp */ = {isa = PBXFileReference; lastKnownFileType = sourcecode.cpp.cpp; path = boarddetector.cpp; sourceTree = "<group>"; };
		043A7BC218FD53BA00675C0C /* boarddetector.h */ = {isa = PBXFileReference; lastKnownFileType = sourcecode.c.h; path = boarddetector.h; sourceTree = "<group>"; };
		043A7BC318FD53BA00675C0C /* cameraparameters.cpp */ = {isa = PBXFileReference; lastKnownFileType = sourcecode.cpp.cpp; path = cameraparameters.cpp; sourceTree = "<group>"; };
		043A7BC418FD53BA00675C0C /* cameraparameters.h */ = {isa = PBXFileReference; lastKnownFileType = sourcecode.c.h; path = cameraparameters.h; sourceTree = "<group>"; };
		043A7BC518FD53BA00675C0C /* CMakeLists.txt */ = {isa = PBXFileReference; lastKnownFileType = text; path = CMakeLists.txt; sourceTree = "<group>"; };
		043A7BC618FD53BA00675C0C /* cvdrawingutils.cpp */ = {isa = PBXFileReference; lastKnownFileType = sourcecode.cpp.cpp; path = cvdrawingutils.cpp; sourceTree = "<group>"; };
		043A7BC718FD53BA00675C0C /* cvdrawingutils.h */ = {isa = PBXFileReference; lastKnownFileType = sourcecode.c.h; path = cvdrawingutils.h; sourceTree = "<group>"; };
		043A7BC818FD53BA00675C0C /* exports.h */ = {isa = PBXFileReference; lastKnownFileType = sourcecode.c.h; path = exports.h; sourceTree = "<group>"; };
		043A7BC918FD53BA00675C0C /* marker.cpp */ = {isa = PBXFileReference; lastKnownFileType = sourcecode.cpp.cpp; path = marker.cpp; sourceTree = "<group>"; };
		043A7BCA18FD53BA00675C0C /* marker.h */ = {isa = PBXFileReference; lastKnownFileType = sourcecode.c.h; path = marker.h; sourceTree = "<group>"; };
		043A7BCB18FD53BA00675C0C /* markerdetector.cpp */ = {isa = PBXFileReference; lastKnownFileType = sourcecode.cpp.cpp; path = markerdetector.cpp; sourceTree = "<group>"; };
		043A7BCC18FD53BA00675C0C /* markerdetector.h */ = {isa = PBXFileReference; lastKnownFileType = sourcecode.c.h; path = markerdetector.h; sourceTree = "<group>"; };
		043A7BCD18FD53BA00675C0C /* TODO */ = {isa = PBXFileReference; lastKnownFileType = text; path = TODO; sourceTree = "<group>"; };
		043A7BD818FD542400675C0C /* ofxCv.h */ = {isa = PBXFileReference; lastKnownFileType = sourcecode.c.h; path = ofxCv.h; sourceTree = "<group>"; };
		043A7BDA18FD542400675C0C /* .gitignore */ = {isa = PBXFileReference; lastKnownFileType = text; path = .gitignore; sourceTree = "<group>"; };
		043A7BDE18FD542400675C0C /* ETF.h */ = {isa = PBXFileReference; lastKnownFileType = sourcecode.c.h; path = ETF.h; sourceTree = "<group>"; };
		043A7BDF18FD542400675C0C /* fdog.h */ = {isa = PBXFileReference; lastKnownFileType = sourcecode.c.h; path = fdog.h; sourceTree = "<group>"; };
		043A7BE018FD542400675C0C /* imatrix.h */ = {isa = PBXFileReference; lastKnownFileType = sourcecode.c.h; path = imatrix.h; sourceTree = "<group>"; };
		043A7BE118FD542400675C0C /* myvec.h */ = {isa = PBXFileReference; lastKnownFileType = sourcecode.c.h; path = myvec.h; sourceTree = "<group>"; };
		043A7BE318FD542400675C0C /* ETF.cpp */ = {isa = PBXFileReference; lastKnownFileType = sourcecode.cpp.cpp; path = ETF.cpp; sourceTree = "<group>"; };
		043A7BE418FD542400675C0C /* fdog.cpp */ = {isa = PBXFileReference; lastKnownFileType = sourcecode.cpp.cpp; path = fdog.cpp; sourceTree = "<group>"; };
		043A7BE818FD542400675C0C /* Calibration.h */ = {isa = PBXFileReference; lastKnownFileType = sourcecode.c.h; path = Calibration.h; sourceTree = "<group>"; };
		043A7BE918FD542400675C0C /* ContourFinder.h */ = {isa = PBXFileReference; lastKnownFileType = sourcecode.c.h; path = ContourFinder.h; sourceTree = "<group>"; };
		043A7BEA18FD542400675C0C /* Distance.h */ = {isa = PBXFileReference; lastKnownFileType = sourcecode.c.h; path = Distance.h; sourceTree = "<group>"; };
		043A7BEB18FD542400675C0C /* Flow.h */ = {isa = PBXFileReference; lastKnownFileType = sourcecode.c.h; path = Flow.h; sourceTree = "<group>"; };
		043A7BEC18FD542400675C0C /* Helpers.h */ = {isa = PBXFileReference; lastKnownFileType = sourcecode.c.h; path = Helpers.h; sourceTree = "<group>"; };
		043A7BED18FD542400675C0C /* ObjectFinder.h */ = {isa = PBXFileReference; lastKnownFileType = sourcecode.c.h; path = ObjectFinder.h; sourceTree = "<group>"; };
		043A7BEE18FD542400675C0C /* RunningBackground.h */ = {isa = PBXFileReference; lastKnownFileType = sourcecode.c.h; path = RunningBackground.h; sourceTree = "<group>"; };
		043A7BEF18FD542400675C0C /* Tracker.h */ = {isa = PBXFileReference; lastKnownFileType = sourcecode.c.h; path = Tracker.h; sourceTree = "<group>"; };
		043A7BF018FD542400675C0C /* Utilities.h */ = {isa = PBXFileReference; lastKnownFileType = sourcecode.c.h; path = Utilities.h; sourceTree = "<group>"; };
		043A7BF118FD542400675C0C /* Wrappers.h */ = {isa = PBXFileReference; lastKnownFileType = sourcecode.c.h; path = Wrappers.h; sourceTree = "<group>"; };
		043A7BF318FD542400675C0C /* Calibration.cpp */ = {isa = PBXFileReference; lastKnownFileType = sourcecode.cpp.cpp; path = Calibration.cpp; sourceTree = "<group>"; };
		043A7BF418FD542400675C0C /* ContourFinder.cpp */ = {isa = PBXFileReference; lastKnownFileType = sourcecode.cpp.cpp; path = ContourFinder.cpp; sourceTree = "<group>"; };
		043A7BF518FD542400675C0C /* Distance.cpp */ = {isa = PBXFileReference; lastKnownFileType = sourcecode.cpp.cpp; path = Distance.cpp; sourceTree = "<group>"; };
		043A7BF618FD542400675C0C /* Flow.cpp */ = {isa = PBXFileReference; lastKnownFileType = sourcecode.cpp.cpp; path = Flow.cpp; sourceTree = "<group>"; };
		043A7BF718FD542400675C0C /* Helpers.cpp */ = {isa = PBXFileReference; lastKnownFileType = sourcecode.cpp.cpp; path = Helpers.cpp; sourceTree = "<group>"; };
		043A7BF818FD542400675C0C /* ObjectFinder.cpp */ = {isa = PBXFileReference; lastKnownFileType = sourcecode.cpp.cpp; path = ObjectFinder.cpp; sourceTree = "<group>"; };
		043A7BF918FD542400675C0C /* RunningBackground.cpp */ = {isa = PBXFileReference; lastKnownFileType = sourcecode.cpp.cpp; path = RunningBackground.cpp; sourceTree = "<group>"; };
		043A7BFA18FD542400675C0C /* Tracker.cpp */ = {isa = PBXFileReference; lastKnownFileType = sourcecode.cpp.cpp; path = Tracker.cpp; sourceTree = "<group>"; };
		043A7BFB18FD542400675C0C /* Utilities.cpp */ = {isa = PBXFileReference; lastKnownFileType = sourcecode.cpp.cpp; path = Utilities.cpp; sourceTree = "<group>"; };
		043A7BFC18FD542400675C0C /* Wrappers.cpp */ = {isa = PBXFileReference; lastKnownFileType = sourcecode.cpp.cpp; path = Wrappers.cpp; sourceTree = "<group>"; };
		043A7BFD18FD542400675C0C /* opencv.a */ = {isa = PBXFileReference; lastKnownFileType = archive.ar; name = opencv.a; path = ../../../addons/ofxOpenCv/libs/opencv/lib/osx/opencv.a; sourceTree = "<group>"; };
		04404BFB1949B74D00ECCE6D /* ofCvCameraCalibration.cpp */ = {isa = PBXFileReference; fileEncoding = 4; lastKnownFileType = sourcecode.cpp.cpp; path = ofCvCameraCalibration.cpp; sourceTree = "<group>"; };
		04404BFC1949B74D00ECCE6D /* ofCvCameraCalibration.h */ = {isa = PBXFileReference; fileEncoding = 4; lastKnownFileType = sourcecode.c.h; path = ofCvCameraCalibration.h; sourceTree = "<group>"; };
		04F23ABE193F5C6000CD1063 /* ofxOsc.h */ = {isa = PBXFileReference; lastKnownFileType = sourcecode.c.h; path = ofxOsc.h; sourceTree = "<group>"; };
		04F23ABF193F5C6000CD1063 /* ofxOscArg.h */ = {isa = PBXFileReference; lastKnownFileType = sourcecode.c.h; path = ofxOscArg.h; sourceTree = "<group>"; };
		04F23AC0193F5C6000CD1063 /* ofxOscBundle.cpp */ = {isa = PBXFileReference; lastKnownFileType = sourcecode.cpp.cpp; path = ofxOscBundle.cpp; sourceTree = "<group>"; };
		04F23AC1193F5C6000CD1063 /* ofxOscBundle.h */ = {isa = PBXFileReference; lastKnownFileType = sourcecode.c.h; path = ofxOscBundle.h; sourceTree = "<group>"; };
		04F23AC2193F5C6000CD1063 /* ofxOscMessage.cpp */ = {isa = PBXFileReference; lastKnownFileType = sourcecode.cpp.cpp; path = ofxOscMessage.cpp; sourceTree = "<group>"; };
		04F23AC3193F5C6000CD1063 /* ofxOscMessage.h */ = {isa = PBXFileReference; lastKnownFileType = sourcecode.c.h; path = ofxOscMessage.h; sourceTree = "<group>"; };
		04F23AC4193F5C6000CD1063 /* ofxOscParameterSync.cpp */ = {isa = PBXFileReference; lastKnownFileType = sourcecode.cpp.cpp; path = ofxOscParameterSync.cpp; sourceTree = "<group>"; };
		04F23AC5193F5C6000CD1063 /* ofxOscParameterSync.h */ = {isa = PBXFileReference; lastKnownFileType = sourcecode.c.h; path = ofxOscParameterSync.h; sourceTree = "<group>"; };
		04F23AC6193F5C6000CD1063 /* ofxOscReceiver.cpp */ = {isa = PBXFileReference; lastKnownFileType = sourcecode.cpp.cpp; path = ofxOscReceiver.cpp; sourceTree = "<group>"; };
		04F23AC7193F5C6000CD1063 /* ofxOscReceiver.h */ = {isa = PBXFileReference; lastKnownFileType = sourcecode.c.h; path = ofxOscReceiver.h; sourceTree = "<group>"; };
		04F23AC8193F5C6000CD1063 /* ofxOscSender.cpp */ = {isa = PBXFileReference; lastKnownFileType = sourcecode.cpp.cpp; path = ofxOscSender.cpp; sourceTree = "<group>"; };
		04F23AC9193F5C6000CD1063 /* ofxOscSender.h */ = {isa = PBXFileReference; lastKnownFileType = sourcecode.c.h; path = ofxOscSender.h; sourceTree = "<group>"; };
		04F23ACE193F5C6000CD1063 /* IpEndpointName.cpp */ = {isa = PBXFileReference; lastKnownFileType = sourcecode.cpp.cpp; path = IpEndpointName.cpp; sourceTree = "<group>"; };
		04F23ACF193F5C6000CD1063 /* IpEndpointName.h */ = {isa = PBXFileReference; lastKnownFileType = sourcecode.c.h; path = IpEndpointName.h; sourceTree = "<group>"; };
		04F23AD0193F5C6000CD1063 /* NetworkingUtils.h */ = {isa = PBXFileReference; lastKnownFileType = sourcecode.c.h; path = NetworkingUtils.h; sourceTree = "<group>"; };
		04F23AD1193F5C6000CD1063 /* PacketListener.h */ = {isa = PBXFileReference; lastKnownFileType = sourcecode.c.h; path = PacketListener.h; sourceTree = "<group>"; };
		04F23AD3193F5C6000CD1063 /* NetworkingUtils.cpp */ = {isa = PBXFileReference; lastKnownFileType = sourcecode.cpp.cpp; path = NetworkingUtils.cpp; sourceTree = "<group>"; };
		04F23AD4193F5C6000CD1063 /* UdpSocket.cpp */ = {isa = PBXFileReference; lastKnownFileType = sourcecode.cpp.cpp; path = UdpSocket.cpp; sourceTree = "<group>"; };
		04F23AD5193F5C6000CD1063 /* TimerListener.h */ = {isa = PBXFileReference; lastKnownFileType = sourcecode.c.h; path = TimerListener.h; sourceTree = "<group>"; };
		04F23AD6193F5C6000CD1063 /* UdpSocket.h */ = {isa = PBXFileReference; lastKnownFileType = sourcecode.c.h; path = UdpSocket.h; sourceTree = "<group>"; };
		04F23ADB193F5C6000CD1063 /* MessageMappingOscPacketListener.h */ = {isa = PBXFileReference; lastKnownFileType = sourcecode.c.h; path = MessageMappingOscPacketListener.h; sourceTree = "<group>"; };
		04F23ADC193F5C6000CD1063 /* OscException.h */ = {isa = PBXFileReference; lastKnownFileType = sourcecode.c.h; path = OscException.h; sourceTree = "<group>"; };
		04F23ADD193F5C6000CD1063 /* OscHostEndianness.h */ = {isa = PBXFileReference; lastKnownFileType = sourcecode.c.h; path = OscHostEndianness.h; sourceTree = "<group>"; };
		04F23ADE193F5C6000CD1063 /* OscOutboundPacketStream.cpp */ = {isa = PBXFileReference; lastKnownFileType = sourcecode.cpp.cpp; path = OscOutboundPacketStream.cpp; sourceTree = "<group>"; };
		04F23ADF193F5C6000CD1063 /* OscOutboundPacketStream.h */ = {isa = PBXFileReference; lastKnownFileType = sourcecode.c.h; path = OscOutboundPacketStream.h; sourceTree = "<group>"; };
		04F23AE0193F5C6000CD1063 /* OscPacketListener.h */ = {isa = PBXFileReference; lastKnownFileType = sourcecode.c.h; path = OscPacketListener.h; sourceTree = "<group>"; };
		04F23AE1193F5C6000CD1063 /* OscPrintReceivedElements.cpp */ = {isa = PBXFileReference; lastKnownFileType = sourcecode.cpp.cpp; path = OscPrintReceivedElements.cpp; sourceTree = "<group>"; };
		04F23AE2193F5C6000CD1063 /* OscPrintReceivedElements.h */ = {isa = PBXFileReference; lastKnownFileType = sourcecode.c.h; path = OscPrintReceivedElements.h; sourceTree = "<group>"; };
		04F23AE3193F5C6000CD1063 /* OscReceivedElements.cpp */ = {isa = PBXFileReference; lastKnownFileType = sourcecode.cpp.cpp; path = OscReceivedElements.cpp; sourceTree = "<group>"; };
		04F23AE4193F5C6000CD1063 /* OscReceivedElements.h */ = {isa = PBXFileReference; lastKnownFileType = sourcecode.c.h; path = OscReceivedElements.h; sourceTree = "<group>"; };
		04F23AE5193F5C6000CD1063 /* OscTypes.cpp */ = {isa = PBXFileReference; lastKnownFileType = sourcecode.cpp.cpp; path = OscTypes.cpp; sourceTree = "<group>"; };
		04F23AE6193F5C6000CD1063 /* OscTypes.h */ = {isa = PBXFileReference; lastKnownFileType = sourcecode.c.h; path = OscTypes.h; sourceTree = "<group>"; };
		BBAB23BE13894E4700AA2426 /* GLUT.framework */ = {isa = PBXFileReference; lastKnownFileType = wrapper.framework; name = GLUT.framework; path = ../../../libs/glut/lib/osx/GLUT.framework; sourceTree = "<group>"; };
		E4328143138ABC890047C5CB /* openFrameworksLib.xcodeproj */ = {isa = PBXFileReference; lastKnownFileType = "wrapper.pb-project"; name = openFrameworksLib.xcodeproj; path = ../../../libs/openFrameworksCompiled/project/osx/openFrameworksLib.xcodeproj; sourceTree = SOURCE_ROOT; };
		E45BE9710E8CC7DD009D7055 /* AGL.framework */ = {isa = PBXFileReference; lastKnownFileType = wrapper.framework; name = AGL.framework; path = /System/Library/Frameworks/AGL.framework; sourceTree = "<absolute>"; };
		E45BE9720E8CC7DD009D7055 /* ApplicationServices.framework */ = {isa = PBXFileReference; lastKnownFileType = wrapper.framework; name = ApplicationServices.framework; path = /System/Library/Frameworks/ApplicationServices.framework; sourceTree = "<absolute>"; };
		E45BE9730E8CC7DD009D7055 /* AudioToolbox.framework */ = {isa = PBXFileReference; lastKnownFileType = wrapper.framework; name = AudioToolbox.framework; path = /System/Library/Frameworks/AudioToolbox.framework; sourceTree = "<absolute>"; };
		E45BE9750E8CC7DD009D7055 /* CoreAudio.framework */ = {isa = PBXFileReference; lastKnownFileType = wrapper.framework; name = CoreAudio.framework; path = /System/Library/Frameworks/CoreAudio.framework; sourceTree = "<absolute>"; };
		E45BE9760E8CC7DD009D7055 /* CoreFoundation.framework */ = {isa = PBXFileReference; lastKnownFileType = wrapper.framework; name = CoreFoundation.framework; path = /System/Library/Frameworks/CoreFoundation.framework; sourceTree = "<absolute>"; };
		E45BE9770E8CC7DD009D7055 /* CoreServices.framework */ = {isa = PBXFileReference; lastKnownFileType = wrapper.framework; name = CoreServices.framework; path = /System/Library/Frameworks/CoreServices.framework; sourceTree = "<absolute>"; };
		E45BE9790E8CC7DD009D7055 /* OpenGL.framework */ = {isa = PBXFileReference; lastKnownFileType = wrapper.framework; name = OpenGL.framework; path = /System/Library/Frameworks/OpenGL.framework; sourceTree = "<absolute>"; };
		E45BE97A0E8CC7DD009D7055 /* QuickTime.framework */ = {isa = PBXFileReference; lastKnownFileType = wrapper.framework; name = QuickTime.framework; path = /System/Library/Frameworks/QuickTime.framework; sourceTree = "<absolute>"; };
		E4B69B5B0A3A1756003C02F2 /* arucoDebug.app */ = {isa = PBXFileReference; explicitFileType = wrapper.application; includeInIndex = 0; path = arucoDebug.app; sourceTree = BUILT_PRODUCTS_DIR; };
		E4B69E1D0A3A1BDC003C02F2 /* main.cpp */ = {isa = PBXFileReference; fileEncoding = 30; lastKnownFileType = sourcecode.cpp.cpp; name = main.cpp; path = src/main.cpp; sourceTree = SOURCE_ROOT; };
		E4B69E1E0A3A1BDC003C02F2 /* ofApp.cpp */ = {isa = PBXFileReference; explicitFileType = sourcecode.cpp.cpp; fileEncoding = 30; name = ofApp.cpp; path = src/ofApp.cpp; sourceTree = SOURCE_ROOT; };
		E4B69E1F0A3A1BDC003C02F2 /* ofApp.h */ = {isa = PBXFileReference; fileEncoding = 30; lastKnownFileType = sourcecode.c.h; name = ofApp.h; path = src/ofApp.h; sourceTree = SOURCE_ROOT; };
		E4B6FCAD0C3E899E008CF71C /* openFrameworks-Info.plist */ = {isa = PBXFileReference; fileEncoding = 30; lastKnownFileType = text.plist.xml; path = "openFrameworks-Info.plist"; sourceTree = "<group>"; };
		E4C2424410CC5A17004149E2 /* AppKit.framework */ = {isa = PBXFileReference; lastKnownFileType = wrapper.framework; name = AppKit.framework; path = /System/Library/Frameworks/AppKit.framework; sourceTree = "<absolute>"; };
		E4C2424510CC5A17004149E2 /* Cocoa.framework */ = {isa = PBXFileReference; lastKnownFileType = wrapper.framework; name = Cocoa.framework; path = /System/Library/Frameworks/Cocoa.framework; sourceTree = "<absolute>"; };
		E4C2424610CC5A17004149E2 /* IOKit.framework */ = {isa = PBXFileReference; lastKnownFileType = wrapper.framework; name = IOKit.framework; path = /System/Library/Frameworks/IOKit.framework; sourceTree = "<absolute>"; };
		E4EB691F138AFCF100A09F29 /* CoreOF.xcconfig */ = {isa = PBXFileReference; fileEncoding = 4; lastKnownFileType = text.xcconfig; name = CoreOF.xcconfig; path = ../../../libs/openFrameworksCompiled/project/osx/CoreOF.xcconfig; sourceTree = SOURCE_ROOT; };
		E4EB6923138AFD0F00A09F29 /* Project.xcconfig */ = {isa = PBXFileReference; fileEncoding = 4; lastKnownFileType = text.xcconfig; path = Project.xcconfig; sourceTree = "<group>"; };
		E7E077E415D3B63C0020DFD4 /* CoreVideo.framework */ = {isa = PBXFileReference; lastKnownFileType = wrapper.framework; name = CoreVideo.framework; path = /System/Library/Frameworks/CoreVideo.framework; sourceTree = "<absolute>"; };
		E7E077E715D3B6510020DFD4 /* QTKit.framework */ = {isa = PBXFileReference; lastKnownFileType = wrapper.framework; name = QTKit.framework; path = /System/Library/Frameworks/QTKit.framework; sourceTree = "<absolute>"; };
		E7F985F515E0DE99003869B5 /* Accelerate.framework */ = {isa = PBXFileReference; lastKnownFileType = wrapper.framework; name = Accelerate.framework; path = /System/Library/Frameworks/Accelerate.framework; sourceTree = "<absolute>"; };
/* End PBXFileReference section */

/* Begin PBXFrameworksBuildPhase section */
		E4B69B590A3A1756003C02F2 /* Frameworks */ = {
			isa = PBXFrameworksBuildPhase;
			buildActionMask = 2147483647;
			files = (
				E7F985F815E0DEA3003869B5 /* Accelerate.framework in Frameworks */,
				E7E077E815D3B6510020DFD4 /* QTKit.framework in Frameworks */,
				E4EB6799138ADC1D00A09F29 /* GLUT.framework in Frameworks */,
				E4328149138ABC9F0047C5CB /* openFrameworksDebug.a in Frameworks */,
				E45BE97B0E8CC7DD009D7055 /* AGL.framework in Frameworks */,
				E45BE97C0E8CC7DD009D7055 /* ApplicationServices.framework in Frameworks */,
				E45BE97D0E8CC7DD009D7055 /* AudioToolbox.framework in Frameworks */,
				E45BE97F0E8CC7DD009D7055 /* CoreAudio.framework in Frameworks */,
				E45BE9800E8CC7DD009D7055 /* CoreFoundation.framework in Frameworks */,
				E45BE9810E8CC7DD009D7055 /* CoreServices.framework in Frameworks */,
				E45BE9830E8CC7DD009D7055 /* OpenGL.framework in Frameworks */,
				E45BE9840E8CC7DD009D7055 /* QuickTime.framework in Frameworks */,
				E4C2424710CC5A17004149E2 /* AppKit.framework in Frameworks */,
				E4C2424810CC5A17004149E2 /* Cocoa.framework in Frameworks */,
				043A7C0A18FD542400675C0C /* opencv.a in Frameworks */,
				E4C2424910CC5A17004149E2 /* IOKit.framework in Frameworks */,
				E7E077E515D3B63C0020DFD4 /* CoreVideo.framework in Frameworks */,
			);
			runOnlyForDeploymentPostprocessing = 0;
		};
/* End PBXFrameworksBuildPhase section */

/* Begin PBXGroup section */
		043A7BAA18FD53BA00675C0C /* ofxAruco */ = {
			isa = PBXGroup;
			children = (
				043A7BAB18FD53BA00675C0C /* src */,
				043A7BAE18FD53BA00675C0C /* libs */,
			);
			name = ofxAruco;
			sourceTree = "<group>";
		};
		043A7BAB18FD53BA00675C0C /* src */ = {
			isa = PBXGroup;
			children = (
				043A7BAC18FD53BA00675C0C /* ofxAruco.cpp */,
				043A7BAD18FD53BA00675C0C /* ofxAruco.h */,
			);
			name = src;
			path = ../../../addons/ofxAruco/src;
			sourceTree = "<group>";
		};
		043A7BAE18FD53BA00675C0C /* libs */ = {
			isa = PBXGroup;
			children = (
				043A7BAF18FD53BA00675C0C /* aruco-1.2.4 */,
			);
			name = libs;
			path = ../../../addons/ofxAruco/libs;
			sourceTree = "<group>";
		};
		043A7BAF18FD53BA00675C0C /* aruco-1.2.4 */ = {
			isa = PBXGroup;
			children = (
				043A7BB018FD53BA00675C0C /* AUTHORS */,
				043A7BB118FD53BA00675C0C /* ChangeLog */,
				043A7BB218FD53BA00675C0C /* cmake_uninstall.cmake.in */,
				043A7BB318FD53BA00675C0C /* CMakeLists.txt */,
				043A7BB418FD53BA00675C0C /* config.cmake.in */,
				043A7BB518FD53BA00675C0C /* COPYING */,
				043A7BB618FD53BA00675C0C /* dox.in */,
				043A7BB718FD53BA00675C0C /* generateDoc.cmake */,
				043A7BB818FD53BA00675C0C /* INSTALL */,
				043A7BB918FD53BA00675C0C /* NEWS */,
				043A7BBA18FD53BA00675C0C /* README */,
				043A7BBB18FD53BA00675C0C /* src */,
				043A7BCD18FD53BA00675C0C /* TODO */,
			);
			path = "aruco-1.2.4";
			sourceTree = "<group>";
		};
		043A7BBB18FD53BA00675C0C /* src */ = {
			isa = PBXGroup;
			children = (
				043A7BBC18FD53BA00675C0C /* aruco.h */,
				043A7BBD18FD53BA00675C0C /* arucofidmarkers.cpp */,
				043A7BBE18FD53BA00675C0C /* arucofidmarkers.h */,
				043A7BBF18FD53BA00675C0C /* board.cpp */,
				043A7BC018FD53BA00675C0C /* board.h */,
				043A7BC118FD53BA00675C0C /* boarddetector.cpp */,
				043A7BC218FD53BA00675C0C /* boarddetector.h */,
				043A7BC318FD53BA00675C0C /* cameraparameters.cpp */,
				043A7BC418FD53BA00675C0C /* cameraparameters.h */,
				043A7BC518FD53BA00675C0C /* CMakeLists.txt */,
				043A7BC618FD53BA00675C0C /* cvdrawingutils.cpp */,
				043A7BC718FD53BA00675C0C /* cvdrawingutils.h */,
				043A7BC818FD53BA00675C0C /* exports.h */,
				043A7BC918FD53BA00675C0C /* marker.cpp */,
				043A7BCA18FD53BA00675C0C /* marker.h */,
				043A7BCB18FD53BA00675C0C /* markerdetector.cpp */,
				043A7BCC18FD53BA00675C0C /* markerdetector.h */,
			);
			path = src;
			sourceTree = "<group>";
		};
		043A7BD618FD542400675C0C /* ofxCv */ = {
			isa = PBXGroup;
			children = (
				043A7BD718FD542400675C0C /* src */,
				043A7BD918FD542400675C0C /* libs */,
				043A7BFD18FD542400675C0C /* opencv.a */,
			);
			name = ofxCv;
			sourceTree = "<group>";
		};
		043A7BD718FD542400675C0C /* src */ = {
			isa = PBXGroup;
			children = (
				043A7BD818FD542400675C0C /* ofxCv.h */,
			);
			name = src;
			path = ../../../addons/ofxCv/src;
			sourceTree = "<group>";
		};
		043A7BD918FD542400675C0C /* libs */ = {
			isa = PBXGroup;
			children = (
				043A7BDA18FD542400675C0C /* .gitignore */,
				043A7BDB18FD542400675C0C /* CLD */,
				043A7BE518FD542400675C0C /* ofxCv */,
			);
			name = libs;
			path = ../../../addons/ofxCv/libs;
			sourceTree = "<group>";
		};
		043A7BDB18FD542400675C0C /* CLD */ = {
			isa = PBXGroup;
			children = (
				043A7BDC18FD542400675C0C /* include */,
				043A7BE218FD542400675C0C /* src */,
			);
			path = CLD;
			sourceTree = "<group>";
		};
		043A7BDC18FD542400675C0C /* include */ = {
			isa = PBXGroup;
			children = (
				043A7BDD18FD542400675C0C /* CLD */,
			);
			path = include;
			sourceTree = "<group>";
		};
		043A7BDD18FD542400675C0C /* CLD */ = {
			isa = PBXGroup;
			children = (
				043A7BDE18FD542400675C0C /* ETF.h */,
				043A7BDF18FD542400675C0C /* fdog.h */,
				043A7BE018FD542400675C0C /* imatrix.h */,
				043A7BE118FD542400675C0C /* myvec.h */,
			);
			path = CLD;
			sourceTree = "<group>";
		};
		043A7BE218FD542400675C0C /* src */ = {
			isa = PBXGroup;
			children = (
				043A7BE318FD542400675C0C /* ETF.cpp */,
				043A7BE418FD542400675C0C /* fdog.cpp */,
			);
			path = src;
			sourceTree = "<group>";
		};
		043A7BE518FD542400675C0C /* ofxCv */ = {
			isa = PBXGroup;
			children = (
				043A7BE618FD542400675C0C /* include */,
				043A7BF218FD542400675C0C /* src */,
			);
			path = ofxCv;
			sourceTree = "<group>";
		};
		043A7BE618FD542400675C0C /* include */ = {
			isa = PBXGroup;
			children = (
				043A7BE718FD542400675C0C /* ofxCv */,
			);
			path = include;
			sourceTree = "<group>";
		};
		043A7BE718FD542400675C0C /* ofxCv */ = {
			isa = PBXGroup;
			children = (
				043A7BE818FD542400675C0C /* Calibration.h */,
				043A7BE918FD542400675C0C /* ContourFinder.h */,
				043A7BEA18FD542400675C0C /* Distance.h */,
				043A7BEB18FD542400675C0C /* Flow.h */,
				043A7BEC18FD542400675C0C /* Helpers.h */,
				043A7BED18FD542400675C0C /* ObjectFinder.h */,
				043A7BEE18FD542400675C0C /* RunningBackground.h */,
				043A7BEF18FD542400675C0C /* Tracker.h */,
				043A7BF018FD542400675C0C /* Utilities.h */,
				043A7BF118FD542400675C0C /* Wrappers.h */,
			);
			path = ofxCv;
			sourceTree = "<group>";
		};
		043A7BF218FD542400675C0C /* src */ = {
			isa = PBXGroup;
			children = (
				043A7BF318FD542400675C0C /* Calibration.cpp */,
				043A7BF418FD542400675C0C /* ContourFinder.cpp */,
				043A7BF518FD542400675C0C /* Distance.cpp */,
				043A7BF618FD542400675C0C /* Flow.cpp */,
				043A7BF718FD542400675C0C /* Helpers.cpp */,
				043A7BF818FD542400675C0C /* ObjectFinder.cpp */,
				043A7BF918FD542400675C0C /* RunningBackground.cpp */,
				043A7BFA18FD542400675C0C /* Tracker.cpp */,
				043A7BFB18FD542400675C0C /* Utilities.cpp */,
				043A7BFC18FD542400675C0C /* Wrappers.cpp */,
			);
			path = src;
			sourceTree = "<group>";
		};
		04F23ABC193F5C6000CD1063 /* ofxOsc */ = {
			isa = PBXGroup;
			children = (
				04F23ABD193F5C6000CD1063 /* src */,
				04F23ACA193F5C6000CD1063 /* libs */,
			);
			name = ofxOsc;
			sourceTree = "<group>";
		};
		04F23ABD193F5C6000CD1063 /* src */ = {
			isa = PBXGroup;
			children = (
				04F23ABE193F5C6000CD1063 /* ofxOsc.h */,
				04F23ABF193F5C6000CD1063 /* ofxOscArg.h */,
				04F23AC0193F5C6000CD1063 /* ofxOscBundle.cpp */,
				04F23AC1193F5C6000CD1063 /* ofxOscBundle.h */,
				04F23AC2193F5C6000CD1063 /* ofxOscMessage.cpp */,
				04F23AC3193F5C6000CD1063 /* ofxOscMessage.h */,
				04F23AC4193F5C6000CD1063 /* ofxOscParameterSync.cpp */,
				04F23AC5193F5C6000CD1063 /* ofxOscParameterSync.h */,
				04F23AC6193F5C6000CD1063 /* ofxOscReceiver.cpp */,
				04F23AC7193F5C6000CD1063 /* ofxOscReceiver.h */,
				04F23AC8193F5C6000CD1063 /* ofxOscSender.cpp */,
				04F23AC9193F5C6000CD1063 /* ofxOscSender.h */,
			);
			name = src;
			path = ../../../addons/ofxOsc/src;
			sourceTree = "<group>";
		};
		04F23ACA193F5C6000CD1063 /* libs */ = {
			isa = PBXGroup;
			children = (
				04F23ACB193F5C6000CD1063 /* oscpack */,
			);
			name = libs;
			path = ../../../addons/ofxOsc/libs;
			sourceTree = "<group>";
		};
		04F23ACB193F5C6000CD1063 /* oscpack */ = {
			isa = PBXGroup;
			children = (
				04F23ACC193F5C6000CD1063 /* src */,
			);
			path = oscpack;
			sourceTree = "<group>";
		};
		04F23ACC193F5C6000CD1063 /* src */ = {
			isa = PBXGroup;
			children = (
				04F23ACD193F5C6000CD1063 /* ip */,
				04F23ADA193F5C6000CD1063 /* osc */,
			);
			path = src;
			sourceTree = "<group>";
		};
		04F23ACD193F5C6000CD1063 /* ip */ = {
			isa = PBXGroup;
			children = (
				04F23ACE193F5C6000CD1063 /* IpEndpointName.cpp */,
				04F23ACF193F5C6000CD1063 /* IpEndpointName.h */,
				04F23AD0193F5C6000CD1063 /* NetworkingUtils.h */,
				04F23AD1193F5C6000CD1063 /* PacketListener.h */,
				04F23AD2193F5C6000CD1063 /* posix */,
				04F23AD5193F5C6000CD1063 /* TimerListener.h */,
				04F23AD6193F5C6000CD1063 /* UdpSocket.h */,
			);
			path = ip;
			sourceTree = "<group>";
		};
		04F23AD2193F5C6000CD1063 /* posix */ = {
			isa = PBXGroup;
			children = (
				04F23AD3193F5C6000CD1063 /* NetworkingUtils.cpp */,
				04F23AD4193F5C6000CD1063 /* UdpSocket.cpp */,
			);
			path = posix;
			sourceTree = "<group>";
		};
		04F23ADA193F5C6000CD1063 /* osc */ = {
			isa = PBXGroup;
			children = (
				04F23ADB193F5C6000CD1063 /* MessageMappingOscPacketListener.h */,
				04F23ADC193F5C6000CD1063 /* OscException.h */,
				04F23ADD193F5C6000CD1063 /* OscHostEndianness.h */,
				04F23ADE193F5C6000CD1063 /* OscOutboundPacketStream.cpp */,
				04F23ADF193F5C6000CD1063 /* OscOutboundPacketStream.h */,
				04F23AE0193F5C6000CD1063 /* OscPacketListener.h */,
				04F23AE1193F5C6000CD1063 /* OscPrintReceivedElements.cpp */,
				04F23AE2193F5C6000CD1063 /* OscPrintReceivedElements.h */,
				04F23AE3193F5C6000CD1063 /* OscReceivedElements.cpp */,
				04F23AE4193F5C6000CD1063 /* OscReceivedElements.h */,
				04F23AE5193F5C6000CD1063 /* OscTypes.cpp */,
				04F23AE6193F5C6000CD1063 /* OscTypes.h */,
			);
			path = osc;
			sourceTree = "<group>";
		};
		BB4B014C10F69532006C3DED /* addons */ = {
			isa = PBXGroup;
			children = (
				04F23ABC193F5C6000CD1063 /* ofxOsc */,
				043A7BD618FD542400675C0C /* ofxCv */,
				043A7BAA18FD53BA00675C0C /* ofxAruco */,
			);
			name = addons;
			sourceTree = "<group>";
		};
		BBAB23C913894ECA00AA2426 /* system frameworks */ = {
			isa = PBXGroup;
			children = (
				E7F985F515E0DE99003869B5 /* Accelerate.framework */,
				E4C2424410CC5A17004149E2 /* AppKit.framework */,
				E4C2424510CC5A17004149E2 /* Cocoa.framework */,
				E4C2424610CC5A17004149E2 /* IOKit.framework */,
				E45BE9710E8CC7DD009D7055 /* AGL.framework */,
				E45BE9720E8CC7DD009D7055 /* ApplicationServices.framework */,
				E45BE9730E8CC7DD009D7055 /* AudioToolbox.framework */,
				E45BE9750E8CC7DD009D7055 /* CoreAudio.framework */,
				E45BE9760E8CC7DD009D7055 /* CoreFoundation.framework */,
				E45BE9770E8CC7DD009D7055 /* CoreServices.framework */,
				E45BE9790E8CC7DD009D7055 /* OpenGL.framework */,
				E45BE97A0E8CC7DD009D7055 /* QuickTime.framework */,
				E7E077E415D3B63C0020DFD4 /* CoreVideo.framework */,
				E7E077E715D3B6510020DFD4 /* QTKit.framework */,
			);
			name = "system frameworks";
			sourceTree = "<group>";
		};
		BBAB23CA13894EDB00AA2426 /* 3rd party frameworks */ = {
			isa = PBXGroup;
			children = (
				BBAB23BE13894E4700AA2426 /* GLUT.framework */,
			);
			name = "3rd party frameworks";
			sourceTree = "<group>";
		};
		E4328144138ABC890047C5CB /* Products */ = {
			isa = PBXGroup;
			children = (
				E4328148138ABC890047C5CB /* openFrameworksDebug.a */,
			);
			name = Products;
			sourceTree = "<group>";
		};
		E45BE5980E8CC70C009D7055 /* frameworks */ = {
			isa = PBXGroup;
			children = (
				BBAB23CA13894EDB00AA2426 /* 3rd party frameworks */,
				BBAB23C913894ECA00AA2426 /* system frameworks */,
			);
			name = frameworks;
			sourceTree = "<group>";
		};
		E4B69B4A0A3A1720003C02F2 = {
			isa = PBXGroup;
			children = (
				E4B6FCAD0C3E899E008CF71C /* openFrameworks-Info.plist */,
				E4EB6923138AFD0F00A09F29 /* Project.xcconfig */,
				E4B69E1C0A3A1BDC003C02F2 /* src */,
				E4EEC9E9138DF44700A80321 /* openFrameworks */,
				BB4B014C10F69532006C3DED /* addons */,
				E45BE5980E8CC70C009D7055 /* frameworks */,
				E4B69B5B0A3A1756003C02F2 /* arucoDebug.app */,
			);
			sourceTree = "<group>";
		};
		E4B69E1C0A3A1BDC003C02F2 /* src */ = {
			isa = PBXGroup;
			children = (
				04404BFB1949B74D00ECCE6D /* ofCvCameraCalibration.cpp */,
				04404BFC1949B74D00ECCE6D /* ofCvCameraCalibration.h */,
				E4B69E1D0A3A1BDC003C02F2 /* main.cpp */,
				E4B69E1E0A3A1BDC003C02F2 /* ofApp.cpp */,
				E4B69E1F0A3A1BDC003C02F2 /* ofApp.h */,
			);
			path = src;
			sourceTree = SOURCE_ROOT;
		};
		E4EEC9E9138DF44700A80321 /* openFrameworks */ = {
			isa = PBXGroup;
			children = (
				E4EB691F138AFCF100A09F29 /* CoreOF.xcconfig */,
				E4328143138ABC890047C5CB /* openFrameworksLib.xcodeproj */,
			);
			name = openFrameworks;
			sourceTree = "<group>";
		};
/* End PBXGroup section */

/* Begin PBXNativeTarget section */
		E4B69B5A0A3A1756003C02F2 /* aruco */ = {
			isa = PBXNativeTarget;
			buildConfigurationList = E4B69B5F0A3A1757003C02F2 /* Build configuration list for PBXNativeTarget "aruco" */;
			buildPhases = (
				E4B69B580A3A1756003C02F2 /* Sources */,
				E4B69B590A3A1756003C02F2 /* Frameworks */,
				E4B6FFFD0C3F9AB9008CF71C /* ShellScript */,
				E4C2427710CC5ABF004149E2 /* CopyFiles */,
			);
			buildRules = (
			);
			dependencies = (
				E4EEB9AC138B136A00A80321 /* PBXTargetDependency */,
			);
			name = aruco;
			productName = myOFApp;
			productReference = E4B69B5B0A3A1756003C02F2 /* arucoDebug.app */;
			productType = "com.apple.product-type.application";
		};
/* End PBXNativeTarget section */

/* Begin PBXProject section */
		E4B69B4C0A3A1720003C02F2 /* Project object */ = {
			isa = PBXProject;
			attributes = {
				LastUpgradeCheck = 0460;
			};
			buildConfigurationList = E4B69B4D0A3A1720003C02F2 /* Build configuration list for PBXProject "aruco" */;
			compatibilityVersion = "Xcode 3.2";
			developmentRegion = English;
			hasScannedForEncodings = 0;
			knownRegions = (
				English,
				Japanese,
				French,
				German,
			);
			mainGroup = E4B69B4A0A3A1720003C02F2;
			productRefGroup = E4B69B4A0A3A1720003C02F2;
			projectDirPath = "";
			projectReferences = (
				{
					ProductGroup = E4328144138ABC890047C5CB /* Products */;
					ProjectRef = E4328143138ABC890047C5CB /* openFrameworksLib.xcodeproj */;
				},
			);
			projectRoot = "";
			targets = (
				E4B69B5A0A3A1756003C02F2 /* aruco */,
			);
		};
/* End PBXProject section */

/* Begin PBXReferenceProxy section */
		E4328148138ABC890047C5CB /* openFrameworksDebug.a */ = {
			isa = PBXReferenceProxy;
			fileType = archive.ar;
			path = openFrameworksDebug.a;
			remoteRef = E4328147138ABC890047C5CB /* PBXContainerItemProxy */;
			sourceTree = BUILT_PRODUCTS_DIR;
		};
/* End PBXReferenceProxy section */

/* Begin PBXShellScriptBuildPhase section */
		E4B6FFFD0C3F9AB9008CF71C /* ShellScript */ = {
			isa = PBXShellScriptBuildPhase;
			buildActionMask = 2147483647;
			files = (
			);
			inputPaths = (
			);
			outputPaths = (
			);
			runOnlyForDeploymentPostprocessing = 0;
			shellPath = /bin/sh;
			shellScript = "cp -f ../../../libs/fmodex/lib/osx/libfmodex.dylib \"$TARGET_BUILD_DIR/$PRODUCT_NAME.app/Contents/MacOS/libfmodex.dylib\"; install_name_tool -change ./libfmodex.dylib @executable_path/libfmodex.dylib \"$TARGET_BUILD_DIR/$PRODUCT_NAME.app/Contents/MacOS/$PRODUCT_NAME\";\nmkdir -p \"$TARGET_BUILD_DIR/$PRODUCT_NAME.app/Contents/Resources/\"\ncp -f \"$ICON_FILE\" \"$TARGET_BUILD_DIR/$PRODUCT_NAME.app/Contents/Resources/\"\n";
		};
/* End PBXShellScriptBuildPhase section */

/* Begin PBXSourcesBuildPhase section */
		E4B69B580A3A1756003C02F2 /* Sources */ = {
			isa = PBXSourcesBuildPhase;
			buildActionMask = 2147483647;
			files = (
				04F23AEA193F5C6000CD1063 /* ofxOscReceiver.cpp in Sources */,
				043A7C0018FD542400675C0C /* Calibration.cpp in Sources */,
				04F23AEC193F5C6000CD1063 /* IpEndpointName.cpp in Sources */,
				04F23AF0193F5C6000CD1063 /* OscPrintReceivedElements.cpp in Sources */,
				04F23AE8193F5C6000CD1063 /* ofxOscMessage.cpp in Sources */,
				043A7C0318FD542400675C0C /* Flow.cpp in Sources */,
				043A7C0218FD542400675C0C /* Distance.cpp in Sources */,
				043A7C0618FD542400675C0C /* RunningBackground.cpp in Sources */,
				043A7C0718FD542400675C0C /* Tracker.cpp in Sources */,
				043A7BD118FD53BA00675C0C /* boarddetector.cpp in Sources */,
				043A7BFE18FD542400675C0C /* ETF.cpp in Sources */,
				04F23AF2193F5C6000CD1063 /* OscTypes.cpp in Sources */,
				04F23AEB193F5C6000CD1063 /* ofxOscSender.cpp in Sources */,
				04F23AF1193F5C6000CD1063 /* OscReceivedElements.cpp in Sources */,
				043A7BD318FD53BA00675C0C /* cvdrawingutils.cpp in Sources */,
				043A7C0118FD542400675C0C /* ContourFinder.cpp in Sources */,
				04404BFD1949B74D00ECCE6D /* ofCvCameraCalibration.cpp in Sources */,
				E4B69E200A3A1BDC003C02F2 /* main.cpp in Sources */,
				043A7BD018FD53BA00675C0C /* board.cpp in Sources */,
				043A7BFF18FD542400675C0C /* fdog.cpp in Sources */,
				04F23AED193F5C6000CD1063 /* NetworkingUtils.cpp in Sources */,
				04F23AE7193F5C6000CD1063 /* ofxOscBundle.cpp in Sources */,
				043A7BCE18FD53BA00675C0C /* ofxAruco.cpp in Sources */,
				043A7C0418FD542400675C0C /* Helpers.cpp in Sources */,
				04F23AEF193F5C6000CD1063 /* OscOutboundPacketStream.cpp in Sources */,
				04F23AE9193F5C6000CD1063 /* ofxOscParameterSync.cpp in Sources */,
				043A7C0518FD542400675C0C /* ObjectFinder.cpp in Sources */,
				043A7BCF18FD53BA00675C0C /* arucofidmarkers.cpp in Sources */,
				E4B69E210A3A1BDC003C02F2 /* ofApp.cpp in Sources */,
				043A7BD218FD53BA00675C0C /* cameraparameters.cpp in Sources */,
				043A7BD418FD53BA00675C0C /* marker.cpp in Sources */,
				043A7BD518FD53BA00675C0C /* markerdetector.cpp in Sources */,
				043A7C0818FD542400675C0C /* Utilities.cpp in Sources */,
				04F23AEE193F5C6000CD1063 /* UdpSocket.cpp in Sources */,
				043A7C0918FD542400675C0C /* Wrappers.cpp in Sources */,
			);
			runOnlyForDeploymentPostprocessing = 0;
		};
/* End PBXSourcesBuildPhase section */

/* Begin PBXTargetDependency section */
		E4EEB9AC138B136A00A80321 /* PBXTargetDependency */ = {
			isa = PBXTargetDependency;
			name = openFrameworks;
			targetProxy = E4EEB9AB138B136A00A80321 /* PBXContainerItemProxy */;
		};
/* End PBXTargetDependency section */

/* Begin XCBuildConfiguration section */
		E4B69B4E0A3A1720003C02F2 /* Debug */ = {
			isa = XCBuildConfiguration;
			baseConfigurationReference = E4EB6923138AFD0F00A09F29 /* Project.xcconfig */;
			buildSettings = {
				ARCHS = "$(NATIVE_ARCH)";
				CONFIGURATION_BUILD_DIR = "$(SRCROOT)/bin/";
				COPY_PHASE_STRIP = NO;
				DEAD_CODE_STRIPPING = YES;
				GCC_AUTO_VECTORIZATION = YES;
				GCC_ENABLE_SSE3_EXTENSIONS = YES;
				GCC_ENABLE_SUPPLEMENTAL_SSE3_INSTRUCTIONS = YES;
				GCC_INLINES_ARE_PRIVATE_EXTERN = NO;
				GCC_OPTIMIZATION_LEVEL = 0;
				GCC_SYMBOLS_PRIVATE_EXTERN = NO;
				GCC_WARN_ABOUT_DEPRECATED_FUNCTIONS = YES;
				GCC_WARN_ABOUT_INVALID_OFFSETOF_MACRO = NO;
				GCC_WARN_ALLOW_INCOMPLETE_PROTOCOL = NO;
				GCC_WARN_UNINITIALIZED_AUTOS = NO;
				GCC_WARN_UNUSED_VALUE = NO;
				GCC_WARN_UNUSED_VARIABLE = NO;
				MACOSX_DEPLOYMENT_TARGET = 10.6;
				OTHER_CPLUSPLUSFLAGS = (
					"-D__MACOSX_CORE__",
					"-lpthread",
					"-mtune=native",
				);
				SDKROOT = macosx;
			};
			name = Debug;
		};
		E4B69B4F0A3A1720003C02F2 /* Release */ = {
			isa = XCBuildConfiguration;
			baseConfigurationReference = E4EB6923138AFD0F00A09F29 /* Project.xcconfig */;
			buildSettings = {
				ARCHS = "$(NATIVE_ARCH)";
				CONFIGURATION_BUILD_DIR = "$(SRCROOT)/bin/";
				COPY_PHASE_STRIP = YES;
				DEAD_CODE_STRIPPING = YES;
				GCC_AUTO_VECTORIZATION = YES;
				GCC_ENABLE_SSE3_EXTENSIONS = YES;
				GCC_ENABLE_SUPPLEMENTAL_SSE3_INSTRUCTIONS = YES;
				GCC_INLINES_ARE_PRIVATE_EXTERN = NO;
				GCC_OPTIMIZATION_LEVEL = 3;
				GCC_SYMBOLS_PRIVATE_EXTERN = NO;
				GCC_UNROLL_LOOPS = YES;
				GCC_WARN_ABOUT_DEPRECATED_FUNCTIONS = YES;
				GCC_WARN_ABOUT_INVALID_OFFSETOF_MACRO = NO;
				GCC_WARN_ALLOW_INCOMPLETE_PROTOCOL = NO;
				GCC_WARN_UNINITIALIZED_AUTOS = NO;
				GCC_WARN_UNUSED_VALUE = NO;
				GCC_WARN_UNUSED_VARIABLE = NO;
				MACOSX_DEPLOYMENT_TARGET = 10.6;
				OTHER_CPLUSPLUSFLAGS = (
					"-D__MACOSX_CORE__",
					"-lpthread",
					"-mtune=native",
				);
				SDKROOT = macosx;
			};
			name = Release;
		};
		E4B69B600A3A1757003C02F2 /* Debug */ = {
			isa = XCBuildConfiguration;
			buildSettings = {
				COMBINE_HIDPI_IMAGES = YES;
				COPY_PHASE_STRIP = NO;
				FRAMEWORK_SEARCH_PATHS = (
					"$(inherited)",
					"$(FRAMEWORK_SEARCH_PATHS_QUOTED_FOR_TARGET_1)",
				);
				FRAMEWORK_SEARCH_PATHS_QUOTED_FOR_TARGET_1 = "\"$(SRCROOT)/../../../libs/glut/lib/osx\"";
				GCC_DYNAMIC_NO_PIC = NO;
				GCC_GENERATE_DEBUGGING_SYMBOLS = YES;
				GCC_MODEL_TUNING = NONE;
				ICON = "$(ICON_NAME_DEBUG)";
				ICON_FILE = "$(ICON_FILE_PATH)$(ICON)";
				INFOPLIST_FILE = "openFrameworks-Info.plist";
				INSTALL_PATH = "$(HOME)/Applications";
				LIBRARY_SEARCH_PATHS = (
					"$(inherited)",
					"$(LIBRARY_SEARCH_PATHS_QUOTED_FOR_TARGET_1)",
					"$(LIBRARY_SEARCH_PATHS_QUOTED_FOR_TARGET_2)",
					"$(LIBRARY_SEARCH_PATHS_QUOTED_FOR_TARGET_3)",
					"$(LIBRARY_SEARCH_PATHS_QUOTED_FOR_TARGET_4)",
					"$(LIBRARY_SEARCH_PATHS_QUOTED_FOR_TARGET_5)",
					"$(LIBRARY_SEARCH_PATHS_QUOTED_FOR_TARGET_6)",
					"$(LIBRARY_SEARCH_PATHS_QUOTED_FOR_TARGET_7)",
					"$(LIBRARY_SEARCH_PATHS_QUOTED_FOR_TARGET_8)",
					"$(LIBRARY_SEARCH_PATHS_QUOTED_FOR_TARGET_9)",
					"$(LIBRARY_SEARCH_PATHS_QUOTED_FOR_TARGET_10)",
					"$(LIBRARY_SEARCH_PATHS_QUOTED_FOR_TARGET_11)",
					"$(LIBRARY_SEARCH_PATHS_QUOTED_FOR_TARGET_12)",
					"$(LIBRARY_SEARCH_PATHS_QUOTED_FOR_TARGET_13)",
					"$(LIBRARY_SEARCH_PATHS_QUOTED_FOR_TARGET_14)",
					"$(LIBRARY_SEARCH_PATHS_QUOTED_FOR_TARGET_15)",
					"$(LIBRARY_SEARCH_PATHS_QUOTED_FOR_TARGET_2)",
					"$(LIBRARY_SEARCH_PATHS_QUOTED_FOR_TARGET_3)",
					"$(LIBRARY_SEARCH_PATHS_QUOTED_FOR_TARGET_7)",
					"$(LIBRARY_SEARCH_PATHS_QUOTED_FOR_TARGET_8)",
					"$(LIBRARY_SEARCH_PATHS_QUOTED_FOR_TARGET_9)",
					"$(LIBRARY_SEARCH_PATHS_QUOTED_FOR_TARGET_10)",
					"$(LIBRARY_SEARCH_PATHS_QUOTED_FOR_TARGET_11)",
					"$(LIBRARY_SEARCH_PATHS_QUOTED_FOR_TARGET_12)",
					"$(LIBRARY_SEARCH_PATHS_QUOTED_FOR_TARGET_13)",
					"$(LIBRARY_SEARCH_PATHS_QUOTED_FOR_TARGET_16)",
					"$(LIBRARY_SEARCH_PATHS_QUOTED_FOR_TARGET_17)",
					"$(LIBRARY_SEARCH_PATHS_QUOTED_FOR_TARGET_18)",
					"$(LIBRARY_SEARCH_PATHS_QUOTED_FOR_TARGET_19)",
					"$(LIBRARY_SEARCH_PATHS_QUOTED_FOR_TARGET_20)",
					"$(LIBRARY_SEARCH_PATHS_QUOTED_FOR_TARGET_21)",
					"$(LIBRARY_SEARCH_PATHS_QUOTED_FOR_TARGET_22)",
					"$(LIBRARY_SEARCH_PATHS_QUOTED_FOR_TARGET_23)",
					"$(LIBRARY_SEARCH_PATHS_QUOTED_FOR_TARGET_24)",
					"$(LIBRARY_SEARCH_PATHS_QUOTED_FOR_TARGET_25)",
					"$(LIBRARY_SEARCH_PATHS_QUOTED_FOR_TARGET_26)",
					"$(LIBRARY_SEARCH_PATHS_QUOTED_FOR_TARGET_27)",
					"$(LIBRARY_SEARCH_PATHS_QUOTED_FOR_TARGET_28)",
					"$(LIBRARY_SEARCH_PATHS_QUOTED_FOR_TARGET_29)",
					"$(LIBRARY_SEARCH_PATHS_QUOTED_FOR_TARGET_30)",
					"$(LIBRARY_SEARCH_PATHS_QUOTED_FOR_TARGET_31)",
					"$(LIBRARY_SEARCH_PATHS_QUOTED_FOR_TARGET_32)",
					"$(LIBRARY_SEARCH_PATHS_QUOTED_FOR_TARGET_33)",
					"$(LIBRARY_SEARCH_PATHS_QUOTED_FOR_TARGET_34)",
					"$(LIBRARY_SEARCH_PATHS_QUOTED_FOR_TARGET_35)",
					"$(LIBRARY_SEARCH_PATHS_QUOTED_FOR_TARGET_36)",
					"$(LIBRARY_SEARCH_PATHS_QUOTED_FOR_TARGET_37)",
					"$(LIBRARY_SEARCH_PATHS_QUOTED_FOR_TARGET_38)",
					"$(LIBRARY_SEARCH_PATHS_QUOTED_FOR_TARGET_39)",
					"$(LIBRARY_SEARCH_PATHS_QUOTED_FOR_TARGET_40)",
					"$(LIBRARY_SEARCH_PATHS_QUOTED_FOR_TARGET_41)",
					"$(LIBRARY_SEARCH_PATHS_QUOTED_FOR_TARGET_42)",
					"$(LIBRARY_SEARCH_PATHS_QUOTED_FOR_TARGET_43)",
					"$(LIBRARY_SEARCH_PATHS_QUOTED_FOR_TARGET_44)",
					"$(LIBRARY_SEARCH_PATHS_QUOTED_FOR_TARGET_45)",
					"$(LIBRARY_SEARCH_PATHS_QUOTED_FOR_TARGET_46)",
					"$(LIBRARY_SEARCH_PATHS_QUOTED_FOR_TARGET_47)",
					"$(LIBRARY_SEARCH_PATHS_QUOTED_FOR_TARGET_48)",
					"$(LIBRARY_SEARCH_PATHS_QUOTED_FOR_TARGET_49)",
					"$(LIBRARY_SEARCH_PATHS_QUOTED_FOR_TARGET_50)",
					"$(LIBRARY_SEARCH_PATHS_QUOTED_FOR_TARGET_51)",
					"$(LIBRARY_SEARCH_PATHS_QUOTED_FOR_TARGET_52)",
					/Users/johan/Development/openFrameworks/addons/ofxOpenCv/libs/opencv/lib/osx,
				);
				PRODUCT_NAME = "$(TARGET_NAME)Debug";
				USER_HEADER_SEARCH_PATHS = "../../../addons/ofxOpenCv/libs/opencv/include/ ../../../addons/ofxCv/libs/ofxCv/include/ ../../../addons/ofxOpenCv/libs/opencv/include/ ../../../addons/ofxCv/libs/ofxCv/include/ ../../../addons/ofxOsc/libs/oscpack/src/ ../../../addons/ofxOsc/libs/oscpack/src/";
				WRAPPER_EXTENSION = app;
			};
			name = Debug;
		};
		E4B69B610A3A1757003C02F2 /* Release */ = {
			isa = XCBuildConfiguration;
			buildSettings = {
				COMBINE_HIDPI_IMAGES = YES;
				COPY_PHASE_STRIP = YES;
				FRAMEWORK_SEARCH_PATHS = (
					"$(inherited)",
					"$(FRAMEWORK_SEARCH_PATHS_QUOTED_FOR_TARGET_1)",
				);
				FRAMEWORK_SEARCH_PATHS_QUOTED_FOR_TARGET_1 = "\"$(SRCROOT)/../../../libs/glut/lib/osx\"";
				GCC_GENERATE_DEBUGGING_SYMBOLS = YES;
				GCC_MODEL_TUNING = NONE;
				ICON = "$(ICON_NAME_RELEASE)";
				ICON_FILE = "$(ICON_FILE_PATH)$(ICON)";
				INFOPLIST_FILE = "openFrameworks-Info.plist";
				INSTALL_PATH = "$(HOME)/Applications";
				LIBRARY_SEARCH_PATHS = (
					"$(inherited)",
					"$(LIBRARY_SEARCH_PATHS_QUOTED_FOR_TARGET_1)",
					"$(LIBRARY_SEARCH_PATHS_QUOTED_FOR_TARGET_2)",
					"$(LIBRARY_SEARCH_PATHS_QUOTED_FOR_TARGET_3)",
					"$(LIBRARY_SEARCH_PATHS_QUOTED_FOR_TARGET_4)",
					"$(LIBRARY_SEARCH_PATHS_QUOTED_FOR_TARGET_5)",
					"$(LIBRARY_SEARCH_PATHS_QUOTED_FOR_TARGET_6)",
					"$(LIBRARY_SEARCH_PATHS_QUOTED_FOR_TARGET_7)",
					"$(LIBRARY_SEARCH_PATHS_QUOTED_FOR_TARGET_8)",
					"$(LIBRARY_SEARCH_PATHS_QUOTED_FOR_TARGET_9)",
					"$(LIBRARY_SEARCH_PATHS_QUOTED_FOR_TARGET_10)",
					"$(LIBRARY_SEARCH_PATHS_QUOTED_FOR_TARGET_11)",
					"$(LIBRARY_SEARCH_PATHS_QUOTED_FOR_TARGET_12)",
					"$(LIBRARY_SEARCH_PATHS_QUOTED_FOR_TARGET_13)",
					"$(LIBRARY_SEARCH_PATHS_QUOTED_FOR_TARGET_14)",
					"$(LIBRARY_SEARCH_PATHS_QUOTED_FOR_TARGET_15)",
					"$(LIBRARY_SEARCH_PATHS_QUOTED_FOR_TARGET_2)",
					"$(LIBRARY_SEARCH_PATHS_QUOTED_1)",
					"$(LIBRARY_SEARCH_PATHS_QUOTED_FOR_TARGET_3)",
					"$(LIBRARY_SEARCH_PATHS_QUOTED_FOR_TARGET_7)",
					"$(LIBRARY_SEARCH_PATHS_QUOTED_FOR_TARGET_8)",
					"$(LIBRARY_SEARCH_PATHS_QUOTED_FOR_TARGET_9)",
					"$(LIBRARY_SEARCH_PATHS_QUOTED_FOR_TARGET_10)",
					"$(LIBRARY_SEARCH_PATHS_QUOTED_FOR_TARGET_11)",
					"$(LIBRARY_SEARCH_PATHS_QUOTED_FOR_TARGET_12)",
					"$(LIBRARY_SEARCH_PATHS_QUOTED_FOR_TARGET_13)",
					"$(LIBRARY_SEARCH_PATHS_QUOTED_FOR_TARGET_16)",
					"$(LIBRARY_SEARCH_PATHS_QUOTED_FOR_TARGET_17)",
					"$(LIBRARY_SEARCH_PATHS_QUOTED_FOR_TARGET_18)",
					"$(LIBRARY_SEARCH_PATHS_QUOTED_FOR_TARGET_19)",
					"$(LIBRARY_SEARCH_PATHS_QUOTED_FOR_TARGET_20)",
					"$(LIBRARY_SEARCH_PATHS_QUOTED_FOR_TARGET_21)",
					"$(LIBRARY_SEARCH_PATHS_QUOTED_FOR_TARGET_22)",
					"$(LIBRARY_SEARCH_PATHS_QUOTED_FOR_TARGET_23)",
					"$(LIBRARY_SEARCH_PATHS_QUOTED_FOR_TARGET_24)",
					"$(LIBRARY_SEARCH_PATHS_QUOTED_FOR_TARGET_25)",
					"$(LIBRARY_SEARCH_PATHS_QUOTED_FOR_TARGET_26)",
					"$(LIBRARY_SEARCH_PATHS_QUOTED_FOR_TARGET_27)",
					"$(LIBRARY_SEARCH_PATHS_QUOTED_FOR_TARGET_28)",
					"$(LIBRARY_SEARCH_PATHS_QUOTED_FOR_TARGET_29)",
					"$(LIBRARY_SEARCH_PATHS_QUOTED_FOR_TARGET_30)",
					"$(LIBRARY_SEARCH_PATHS_QUOTED_FOR_TARGET_31)",
					"$(LIBRARY_SEARCH_PATHS_QUOTED_FOR_TARGET_32)",
					"$(LIBRARY_SEARCH_PATHS_QUOTED_FOR_TARGET_33)",
					"$(LIBRARY_SEARCH_PATHS_QUOTED_FOR_TARGET_34)",
					"$(LIBRARY_SEARCH_PATHS_QUOTED_FOR_TARGET_35)",
					"$(LIBRARY_SEARCH_PATHS_QUOTED_FOR_TARGET_36)",
					"$(LIBRARY_SEARCH_PATHS_QUOTED_FOR_TARGET_37)",
					"$(LIBRARY_SEARCH_PATHS_QUOTED_FOR_TARGET_38)",
					"$(LIBRARY_SEARCH_PATHS_QUOTED_FOR_TARGET_39)",
					"$(LIBRARY_SEARCH_PATHS_QUOTED_FOR_TARGET_40)",
					"$(LIBRARY_SEARCH_PATHS_QUOTED_FOR_TARGET_41)",
					"$(LIBRARY_SEARCH_PATHS_QUOTED_FOR_TARGET_42)",
					"$(LIBRARY_SEARCH_PATHS_QUOTED_FOR_TARGET_43)",
					"$(LIBRARY_SEARCH_PATHS_QUOTED_FOR_TARGET_44)",
					"$(LIBRARY_SEARCH_PATHS_QUOTED_FOR_TARGET_45)",
					"$(LIBRARY_SEARCH_PATHS_QUOTED_FOR_TARGET_46)",
					"$(LIBRARY_SEARCH_PATHS_QUOTED_FOR_TARGET_47)",
					"$(LIBRARY_SEARCH_PATHS_QUOTED_FOR_TARGET_48)",
					"$(LIBRARY_SEARCH_PATHS_QUOTED_FOR_TARGET_49)",
					"$(LIBRARY_SEARCH_PATHS_QUOTED_FOR_TARGET_50)",
					"$(LIBRARY_SEARCH_PATHS_QUOTED_FOR_TARGET_51)",
					/Users/johan/Development/openFrameworks/addons/ofxOpenCv/libs/opencv/lib/osx,
				);
				PRODUCT_NAME = "$(TARGET_NAME)";
				USER_HEADER_SEARCH_PATHS = "../../../addons/ofxOpenCv/libs/opencv/include/ ../../../addons/ofxCv/libs/ofxCv/include/ ../../../addons/ofxOpenCv/libs/opencv/include/ ../../../addons/ofxCv/libs/ofxCv/include/ ../../../addons/ofxOsc/libs/oscpack/src/ ../../../addons/ofxOsc/libs/oscpack/src/";
				WRAPPER_EXTENSION = app;
			};
			name = Release;
		};
/* End XCBuildConfiguration section */

/* Begin XCConfigurationList section */
		E4B69B4D0A3A1720003C02F2 /* Build configuration list for PBXProject "aruco" */ = {
			isa = XCConfigurationList;
			buildConfigurations = (
				E4B69B4E0A3A1720003C02F2 /* Debug */,
				E4B69B4F0A3A1720003C02F2 /* Release */,
			);
			defaultConfigurationIsVisible = 0;
			defaultConfigurationName = Release;
		};
		E4B69B5F0A3A1757003C02F2 /* Build configuration list for PBXNativeTarget "aruco" */ = {
			isa = XCConfigurationList;
			buildConfigurations = (
				E4B69B600A3A1757003C02F2 /* Debug */,
				E4B69B610A3A1757003C02F2 /* Release */,
			);
			defaultConfigurationIsVisible = 0;
			defaultConfigurationName = Release;
		};
/* End XCConfigurationList section */
	};
	rootObject = E4B69B4C0A3A1720003C02F2 /* Project object */;
}
